// !$*UTF8*$!
{
	archiveVersion = 1;
	classes = {
	};
	objectVersion = 46;
	objects = {

/* Begin PBXBuildFile section */
		811353A31CF40C8A00E76DD5 /* Document.swift in Sources */ = {isa = PBXBuildFile; fileRef = 811353A21CF40C8A00E76DD5 /* Document.swift */; };
		811353A41CF40C8A00E76DD5 /* Document.swift in Sources */ = {isa = PBXBuildFile; fileRef = 811353A21CF40C8A00E76DD5 /* Document.swift */; };
		811353A51CF40C8A00E76DD5 /* Document.swift in Sources */ = {isa = PBXBuildFile; fileRef = 811353A21CF40C8A00E76DD5 /* Document.swift */; };
		811353A61CF40C9100E76DD5 /* DocumentsService.swift in Sources */ = {isa = PBXBuildFile; fileRef = 813574371CF40BFD00FBDBEF /* DocumentsService.swift */; };
		811353A71CF40C9100E76DD5 /* DocumentsService.swift in Sources */ = {isa = PBXBuildFile; fileRef = 813574371CF40BFD00FBDBEF /* DocumentsService.swift */; };
		811353A91CF40E9900E76DD5 /* DocumentsParser.swift in Sources */ = {isa = PBXBuildFile; fileRef = 811353A81CF40E9900E76DD5 /* DocumentsParser.swift */; };
		811353AA1CF40E9900E76DD5 /* DocumentsParser.swift in Sources */ = {isa = PBXBuildFile; fileRef = 811353A81CF40E9900E76DD5 /* DocumentsParser.swift */; };
		811353AB1CF40E9900E76DD5 /* DocumentsParser.swift in Sources */ = {isa = PBXBuildFile; fileRef = 811353A81CF40E9900E76DD5 /* DocumentsParser.swift */; };
		811353AD1CF40EE800E76DD5 /* DocumentParser.swift in Sources */ = {isa = PBXBuildFile; fileRef = 811353AC1CF40EE800E76DD5 /* DocumentParser.swift */; };
		811353AE1CF40EE800E76DD5 /* DocumentParser.swift in Sources */ = {isa = PBXBuildFile; fileRef = 811353AC1CF40EE800E76DD5 /* DocumentParser.swift */; };
		811353AF1CF40EE800E76DD5 /* DocumentParser.swift in Sources */ = {isa = PBXBuildFile; fileRef = 811353AC1CF40EE800E76DD5 /* DocumentParser.swift */; };
		811353B21CF40EF300E76DD5 /* CollectionParser.swift in Sources */ = {isa = PBXBuildFile; fileRef = 81748A861CEEBDBE00487BFE /* CollectionParser.swift */; };
		811353B31CF4108300E76DD5 /* DocumentsService.swift in Sources */ = {isa = PBXBuildFile; fileRef = 813574371CF40BFD00FBDBEF /* DocumentsService.swift */; };
		811353B41CF4108700E76DD5 /* Document.swift in Sources */ = {isa = PBXBuildFile; fileRef = 811353A21CF40C8A00E76DD5 /* Document.swift */; };
		811353B51CF4109000E76DD5 /* DocumentsParser.swift in Sources */ = {isa = PBXBuildFile; fileRef = 811353A81CF40E9900E76DD5 /* DocumentsParser.swift */; };
		811353B61CF4109000E76DD5 /* DocumentParser.swift in Sources */ = {isa = PBXBuildFile; fileRef = 811353AC1CF40EE800E76DD5 /* DocumentParser.swift */; };
		811353B81CF4173E00E76DD5 /* DocumentsServiceTests.swift in Sources */ = {isa = PBXBuildFile; fileRef = 811353B71CF4173E00E76DD5 /* DocumentsServiceTests.swift */; };
		811353B91CF41BE600E76DD5 /* DocumentsService.swift in Sources */ = {isa = PBXBuildFile; fileRef = 813574371CF40BFD00FBDBEF /* DocumentsService.swift */; };
		811353BA1CF41BED00E76DD5 /* DocumentsParser.swift in Sources */ = {isa = PBXBuildFile; fileRef = 811353A81CF40E9900E76DD5 /* DocumentsParser.swift */; };
		811353BB1CF41BED00E76DD5 /* DocumentParser.swift in Sources */ = {isa = PBXBuildFile; fileRef = 811353AC1CF40EE800E76DD5 /* DocumentParser.swift */; };
		811353BC1CF41BF400E76DD5 /* Document.swift in Sources */ = {isa = PBXBuildFile; fileRef = 811353A21CF40C8A00E76DD5 /* Document.swift */; };
		813574381CF40BFD00FBDBEF /* DocumentsService.swift in Sources */ = {isa = PBXBuildFile; fileRef = 813574371CF40BFD00FBDBEF /* DocumentsService.swift */; };
		81748A761CEEBBB300487BFE /* Collection.swift in Sources */ = {isa = PBXBuildFile; fileRef = 81748A751CEEBBB300487BFE /* Collection.swift */; };
		81748A791CEEBBDC00487BFE /* Collection.swift in Sources */ = {isa = PBXBuildFile; fileRef = 81748A751CEEBBB300487BFE /* Collection.swift */; };
		81748A7A1CEEBBDD00487BFE /* Collection.swift in Sources */ = {isa = PBXBuildFile; fileRef = 81748A751CEEBBB300487BFE /* Collection.swift */; };
		81748A7B1CEEBBDD00487BFE /* Collection.swift in Sources */ = {isa = PBXBuildFile; fileRef = 81748A751CEEBBB300487BFE /* Collection.swift */; };
		81748A821CEEBC5B00487BFE /* CollectionsService.swift in Sources */ = {isa = PBXBuildFile; fileRef = 81748A811CEEBC5B00487BFE /* CollectionsService.swift */; };
		81748A831CEEBC5B00487BFE /* CollectionsService.swift in Sources */ = {isa = PBXBuildFile; fileRef = 81748A811CEEBC5B00487BFE /* CollectionsService.swift */; };
		81748A841CEEBC5B00487BFE /* CollectionsService.swift in Sources */ = {isa = PBXBuildFile; fileRef = 81748A811CEEBC5B00487BFE /* CollectionsService.swift */; };
		81748A851CEEBC5B00487BFE /* CollectionsService.swift in Sources */ = {isa = PBXBuildFile; fileRef = 81748A811CEEBC5B00487BFE /* CollectionsService.swift */; };
		81748A871CEEBDBE00487BFE /* CollectionParser.swift in Sources */ = {isa = PBXBuildFile; fileRef = 81748A861CEEBDBE00487BFE /* CollectionParser.swift */; };
		81748A881CEEBDBE00487BFE /* CollectionParser.swift in Sources */ = {isa = PBXBuildFile; fileRef = 81748A861CEEBDBE00487BFE /* CollectionParser.swift */; };
		81748A891CEEBDBE00487BFE /* CollectionParser.swift in Sources */ = {isa = PBXBuildFile; fileRef = 81748A861CEEBDBE00487BFE /* CollectionParser.swift */; };
		81748A8B1CEEBF0C00487BFE /* MongoLabURLRequest.swift in Sources */ = {isa = PBXBuildFile; fileRef = 8180CA5F1CEBEEE4008E3011 /* MongoLabURLRequest.swift */; };
		81748A8C1CEEC11200487BFE /* ErrorDescribable.swift in Sources */ = {isa = PBXBuildFile; fileRef = 8180CA591CEBEEE4008E3011 /* ErrorDescribable.swift */; };
		81748A8D1CEEC11400487BFE /* MongoLabError.swift in Sources */ = {isa = PBXBuildFile; fileRef = 8180CA5C1CEBEEE4008E3011 /* MongoLabError.swift */; };
		81748A8E1CEEC11700487BFE /* MongoLabConfiguration.swift in Sources */ = {isa = PBXBuildFile; fileRef = 8180CA5B1CEBEEE4008E3011 /* MongoLabConfiguration.swift */; };
		81748A8F1CEEC11C00487BFE /* MongoLabClient.swift in Sources */ = {isa = PBXBuildFile; fileRef = 8180CA5A1CEBEEE4008E3011 /* MongoLabClient.swift */; };
		81748A901CEEC12200487BFE /* MongoLabErrorParser.swift in Sources */ = {isa = PBXBuildFile; fileRef = 8180CA5D1CEBEEE4008E3011 /* MongoLabErrorParser.swift */; };
		81748A921CEEC12600487BFE /* MongoLabResponseParser.swift in Sources */ = {isa = PBXBuildFile; fileRef = 8180CA5E1CEBEEE4008E3011 /* MongoLabResponseParser.swift */; };
		8180CA2F1CEBEB12008E3011 /* MongoLabKit.h in Headers */ = {isa = PBXBuildFile; fileRef = 8180CA2E1CEBEB12008E3011 /* MongoLabKit.h */; settings = {ATTRIBUTES = (Public, ); }; };
		8180CA531CEBED05008E3011 /* MongoLabKit.h in Headers */ = {isa = PBXBuildFile; fileRef = 8180CA2E1CEBEB12008E3011 /* MongoLabKit.h */; settings = {ATTRIBUTES = (Public, ); }; };
		8180CA541CEBED06008E3011 /* MongoLabKit.h in Headers */ = {isa = PBXBuildFile; fileRef = 8180CA2E1CEBEB12008E3011 /* MongoLabKit.h */; settings = {ATTRIBUTES = (Public, ); }; };
		8180CA601CEBEEE4008E3011 /* ErrorDescribable.swift in Sources */ = {isa = PBXBuildFile; fileRef = 8180CA591CEBEEE4008E3011 /* ErrorDescribable.swift */; };
		8180CA611CEBEEE4008E3011 /* ErrorDescribable.swift in Sources */ = {isa = PBXBuildFile; fileRef = 8180CA591CEBEEE4008E3011 /* ErrorDescribable.swift */; };
		8180CA621CEBEEE4008E3011 /* ErrorDescribable.swift in Sources */ = {isa = PBXBuildFile; fileRef = 8180CA591CEBEEE4008E3011 /* ErrorDescribable.swift */; };
		8180CA631CEBEEE4008E3011 /* MongoLabClient.swift in Sources */ = {isa = PBXBuildFile; fileRef = 8180CA5A1CEBEEE4008E3011 /* MongoLabClient.swift */; };
		8180CA641CEBEEE4008E3011 /* MongoLabClient.swift in Sources */ = {isa = PBXBuildFile; fileRef = 8180CA5A1CEBEEE4008E3011 /* MongoLabClient.swift */; };
		8180CA651CEBEEE4008E3011 /* MongoLabClient.swift in Sources */ = {isa = PBXBuildFile; fileRef = 8180CA5A1CEBEEE4008E3011 /* MongoLabClient.swift */; };
		8180CA661CEBEEE4008E3011 /* MongoLabConfiguration.swift in Sources */ = {isa = PBXBuildFile; fileRef = 8180CA5B1CEBEEE4008E3011 /* MongoLabConfiguration.swift */; };
		8180CA671CEBEEE4008E3011 /* MongoLabConfiguration.swift in Sources */ = {isa = PBXBuildFile; fileRef = 8180CA5B1CEBEEE4008E3011 /* MongoLabConfiguration.swift */; };
		8180CA681CEBEEE4008E3011 /* MongoLabConfiguration.swift in Sources */ = {isa = PBXBuildFile; fileRef = 8180CA5B1CEBEEE4008E3011 /* MongoLabConfiguration.swift */; };
		8180CA691CEBEEE4008E3011 /* MongoLabError.swift in Sources */ = {isa = PBXBuildFile; fileRef = 8180CA5C1CEBEEE4008E3011 /* MongoLabError.swift */; };
		8180CA6A1CEBEEE4008E3011 /* MongoLabError.swift in Sources */ = {isa = PBXBuildFile; fileRef = 8180CA5C1CEBEEE4008E3011 /* MongoLabError.swift */; };
		8180CA6B1CEBEEE4008E3011 /* MongoLabError.swift in Sources */ = {isa = PBXBuildFile; fileRef = 8180CA5C1CEBEEE4008E3011 /* MongoLabError.swift */; };
		8180CA6C1CEBEEE4008E3011 /* MongoLabErrorParser.swift in Sources */ = {isa = PBXBuildFile; fileRef = 8180CA5D1CEBEEE4008E3011 /* MongoLabErrorParser.swift */; };
		8180CA6D1CEBEEE4008E3011 /* MongoLabErrorParser.swift in Sources */ = {isa = PBXBuildFile; fileRef = 8180CA5D1CEBEEE4008E3011 /* MongoLabErrorParser.swift */; };
		8180CA6E1CEBEEE4008E3011 /* MongoLabErrorParser.swift in Sources */ = {isa = PBXBuildFile; fileRef = 8180CA5D1CEBEEE4008E3011 /* MongoLabErrorParser.swift */; };
		8180CA6F1CEBEEE4008E3011 /* MongoLabResponseParser.swift in Sources */ = {isa = PBXBuildFile; fileRef = 8180CA5E1CEBEEE4008E3011 /* MongoLabResponseParser.swift */; };
		8180CA701CEBEEE4008E3011 /* MongoLabResponseParser.swift in Sources */ = {isa = PBXBuildFile; fileRef = 8180CA5E1CEBEEE4008E3011 /* MongoLabResponseParser.swift */; };
		8180CA711CEBEEE4008E3011 /* MongoLabResponseParser.swift in Sources */ = {isa = PBXBuildFile; fileRef = 8180CA5E1CEBEEE4008E3011 /* MongoLabResponseParser.swift */; };
		8180CA721CEBEEE4008E3011 /* MongoLabURLRequest.swift in Sources */ = {isa = PBXBuildFile; fileRef = 8180CA5F1CEBEEE4008E3011 /* MongoLabURLRequest.swift */; };
		8180CA731CEBEEE4008E3011 /* MongoLabURLRequest.swift in Sources */ = {isa = PBXBuildFile; fileRef = 8180CA5F1CEBEEE4008E3011 /* MongoLabURLRequest.swift */; };
		8180CA741CEBEEE4008E3011 /* MongoLabURLRequest.swift in Sources */ = {isa = PBXBuildFile; fileRef = 8180CA5F1CEBEEE4008E3011 /* MongoLabURLRequest.swift */; };
		8180CABF1CEBF39F008E3011 /* MongoLabKit.framework in Frameworks */ = {isa = PBXBuildFile; fileRef = 8180CA2B1CEBEB12008E3011 /* MongoLabKit.framework */; };
		8180CAC51CEBF3B3008E3011 /* CollectionsServiceTests.swift in Sources */ = {isa = PBXBuildFile; fileRef = 8180CABC1CEBF39F008E3011 /* CollectionsServiceTests.swift */; };
		819ECB161CEEC89F000AB899 /* AppDelegate.swift in Sources */ = {isa = PBXBuildFile; fileRef = 819ECB151CEEC89F000AB899 /* AppDelegate.swift */; };
		819ECB181CEEC89F000AB899 /* ViewController.swift in Sources */ = {isa = PBXBuildFile; fileRef = 819ECB171CEEC89F000AB899 /* ViewController.swift */; };
		819ECB1B1CEEC89F000AB899 /* Main.storyboard in Resources */ = {isa = PBXBuildFile; fileRef = 819ECB191CEEC89F000AB899 /* Main.storyboard */; };
		819ECB1D1CEEC89F000AB899 /* Assets.xcassets in Resources */ = {isa = PBXBuildFile; fileRef = 819ECB1C1CEEC89F000AB899 /* Assets.xcassets */; };
		819ECB201CEEC89F000AB899 /* LaunchScreen.storyboard in Resources */ = {isa = PBXBuildFile; fileRef = 819ECB1E1CEEC89F000AB899 /* LaunchScreen.storyboard */; };
		819ECB251CEEC93F000AB899 /* ErrorDescribable.swift in Sources */ = {isa = PBXBuildFile; fileRef = 8180CA591CEBEEE4008E3011 /* ErrorDescribable.swift */; };
		819ECB261CEEC93F000AB899 /* MongoLabError.swift in Sources */ = {isa = PBXBuildFile; fileRef = 8180CA5C1CEBEEE4008E3011 /* MongoLabError.swift */; };
		819ECB271CEEC93F000AB899 /* MongoLabConfiguration.swift in Sources */ = {isa = PBXBuildFile; fileRef = 8180CA5B1CEBEEE4008E3011 /* MongoLabConfiguration.swift */; };
		819ECB281CEEC93F000AB899 /* Collection.swift in Sources */ = {isa = PBXBuildFile; fileRef = 81748A751CEEBBB300487BFE /* Collection.swift */; };
		819ECB291CEEC93F000AB899 /* MongoLabClient.swift in Sources */ = {isa = PBXBuildFile; fileRef = 8180CA5A1CEBEEE4008E3011 /* MongoLabClient.swift */; };
		819ECB2A1CEEC93F000AB899 /* CollectionsService.swift in Sources */ = {isa = PBXBuildFile; fileRef = 81748A811CEEBC5B00487BFE /* CollectionsService.swift */; };
		819ECB2B1CEEC93F000AB899 /* MongoLabURLRequest.swift in Sources */ = {isa = PBXBuildFile; fileRef = 8180CA5F1CEBEEE4008E3011 /* MongoLabURLRequest.swift */; };
		819ECB2C1CEEC93F000AB899 /* MongoLabErrorParser.swift in Sources */ = {isa = PBXBuildFile; fileRef = 8180CA5D1CEBEEE4008E3011 /* MongoLabErrorParser.swift */; };
		819ECB2D1CEEC93F000AB899 /* MongoLabResponseParser.swift in Sources */ = {isa = PBXBuildFile; fileRef = 8180CA5E1CEBEEE4008E3011 /* MongoLabResponseParser.swift */; };
		819ECB2E1CEEC93F000AB899 /* CollectionParser.swift in Sources */ = {isa = PBXBuildFile; fileRef = 81748A861CEEBDBE00487BFE /* CollectionParser.swift */; };
		81F6BB671E2DC60000262CCB /* Service.swift in Sources */ = {isa = PBXBuildFile; fileRef = 81F6BB661E2DC60000262CCB /* Service.swift */; };
		81F6BB691E2DCAB400262CCB /* DocumentService.swift in Sources */ = {isa = PBXBuildFile; fileRef = 81F6BB681E2DCAB400262CCB /* DocumentService.swift */; };
		81F6BB6B1E2DCC3800262CCB /* Documents.swift in Sources */ = {isa = PBXBuildFile; fileRef = 81F6BB6A1E2DCC3800262CCB /* Documents.swift */; };
		81F6BB6D1E2DCC4B00262CCB /* Collections.swift in Sources */ = {isa = PBXBuildFile; fileRef = 81F6BB6C1E2DCC4B00262CCB /* Collections.swift */; };
		81F6BB6E1E2DCCC300262CCB /* Service.swift in Sources */ = {isa = PBXBuildFile; fileRef = 81F6BB661E2DC60000262CCB /* Service.swift */; };
		81F6BB6F1E2DCCC300262CCB /* Collections.swift in Sources */ = {isa = PBXBuildFile; fileRef = 81F6BB6C1E2DCC4B00262CCB /* Collections.swift */; };
		81F6BB701E2DCCC300262CCB /* Documents.swift in Sources */ = {isa = PBXBuildFile; fileRef = 81F6BB6A1E2DCC3800262CCB /* Documents.swift */; };
		81F6BB711E2DCCC400262CCB /* Service.swift in Sources */ = {isa = PBXBuildFile; fileRef = 81F6BB661E2DC60000262CCB /* Service.swift */; };
		81F6BB721E2DCCC400262CCB /* Collections.swift in Sources */ = {isa = PBXBuildFile; fileRef = 81F6BB6C1E2DCC4B00262CCB /* Collections.swift */; };
		81F6BB731E2DCCC400262CCB /* Documents.swift in Sources */ = {isa = PBXBuildFile; fileRef = 81F6BB6A1E2DCC3800262CCB /* Documents.swift */; };
		81F6BB741E2DCCC500262CCB /* Service.swift in Sources */ = {isa = PBXBuildFile; fileRef = 81F6BB661E2DC60000262CCB /* Service.swift */; };
		81F6BB751E2DCCC500262CCB /* Collections.swift in Sources */ = {isa = PBXBuildFile; fileRef = 81F6BB6C1E2DCC4B00262CCB /* Collections.swift */; };
		81F6BB761E2DCCC500262CCB /* Documents.swift in Sources */ = {isa = PBXBuildFile; fileRef = 81F6BB6A1E2DCC3800262CCB /* Documents.swift */; };
		81F6BB771E2DCCC500262CCB /* Service.swift in Sources */ = {isa = PBXBuildFile; fileRef = 81F6BB661E2DC60000262CCB /* Service.swift */; };
		81F6BB781E2DCCC500262CCB /* Collections.swift in Sources */ = {isa = PBXBuildFile; fileRef = 81F6BB6C1E2DCC4B00262CCB /* Collections.swift */; };
		81F6BB791E2DCCC500262CCB /* Documents.swift in Sources */ = {isa = PBXBuildFile; fileRef = 81F6BB6A1E2DCC3800262CCB /* Documents.swift */; };
		81F6BB7A1E2DCFC800262CCB /* DocumentService.swift in Sources */ = {isa = PBXBuildFile; fileRef = 81F6BB681E2DCAB400262CCB /* DocumentService.swift */; };
		81F6BB7B1E2DCFC900262CCB /* DocumentService.swift in Sources */ = {isa = PBXBuildFile; fileRef = 81F6BB681E2DCAB400262CCB /* DocumentService.swift */; };
		81F6BB7C1E2DCFC900262CCB /* DocumentService.swift in Sources */ = {isa = PBXBuildFile; fileRef = 81F6BB681E2DCAB400262CCB /* DocumentService.swift */; };
		81F6BB7D1E2DCFCA00262CCB /* DocumentService.swift in Sources */ = {isa = PBXBuildFile; fileRef = 81F6BB681E2DCAB400262CCB /* DocumentService.swift */; };
/* End PBXBuildFile section */

/* Begin PBXContainerItemProxy section */
		813FD38B1DB637C8004F947D /* PBXContainerItemProxy */ = {
			isa = PBXContainerItemProxy;
			containerPortal = 8180CA201CEBEA71008E3011 /* Project object */;
			proxyType = 1;
			remoteGlobalIDString = 819ECB121CEEC89F000AB899;
			remoteInfo = MongoLabKitExamples;
		};
		8180CAC01CEBF39F008E3011 /* PBXContainerItemProxy */ = {
			isa = PBXContainerItemProxy;
			containerPortal = 8180CA201CEBEA71008E3011 /* Project object */;
			proxyType = 1;
			remoteGlobalIDString = 8180CA2A1CEBEB12008E3011;
			remoteInfo = "SwiftMongoLabKit iOS";
		};
/* End PBXContainerItemProxy section */

/* Begin PBXFileReference section */
		811353A21CF40C8A00E76DD5 /* Document.swift */ = {isa = PBXFileReference; fileEncoding = 4; lastKnownFileType = sourcecode.swift; name = Document.swift; path = Sources/Classes/Document.swift; sourceTree = "<group>"; };
		811353A81CF40E9900E76DD5 /* DocumentsParser.swift */ = {isa = PBXFileReference; fileEncoding = 4; lastKnownFileType = sourcecode.swift; name = DocumentsParser.swift; path = Sources/Classes/DocumentsParser.swift; sourceTree = "<group>"; };
		811353AC1CF40EE800E76DD5 /* DocumentParser.swift */ = {isa = PBXFileReference; fileEncoding = 4; lastKnownFileType = sourcecode.swift; name = DocumentParser.swift; path = Sources/Classes/DocumentParser.swift; sourceTree = "<group>"; };
		811353B71CF4173E00E76DD5 /* DocumentsServiceTests.swift */ = {isa = PBXFileReference; fileEncoding = 4; lastKnownFileType = sourcecode.swift; path = DocumentsServiceTests.swift; sourceTree = "<group>"; };
		811353BE1CF7C31A00E76DD5 /* Integration.md */ = {isa = PBXFileReference; lastKnownFileType = net.daringfireball.markdown; name = Integration.md; path = ../Documents/Integration.md; sourceTree = "<group>"; };
		811353BF1CF7C38500E76DD5 /* UsageWithService.md */ = {isa = PBXFileReference; lastKnownFileType = net.daringfireball.markdown; name = UsageWithService.md; path = ../Documents/UsageWithService.md; sourceTree = "<group>"; };
		811353C11CF7E85500E76DD5 /* UsageWithCustomRequest.md */ = {isa = PBXFileReference; lastKnownFileType = net.daringfireball.markdown; name = UsageWithCustomRequest.md; path = ../Documents/UsageWithCustomRequest.md; sourceTree = "<group>"; };
		811353C21CF7F38F00E76DD5 /* CHANGELOG.md */ = {isa = PBXFileReference; lastKnownFileType = net.daringfireball.markdown; name = CHANGELOG.md; path = ../CHANGELOG.md; sourceTree = "<group>"; };
		813574371CF40BFD00FBDBEF /* DocumentsService.swift */ = {isa = PBXFileReference; fileEncoding = 4; lastKnownFileType = sourcecode.swift; name = DocumentsService.swift; path = Sources/Classes/DocumentsService.swift; sourceTree = "<group>"; };
		81748A6D1CEE9A7600487BFE /* CODE_OF_CONDUCT.md */ = {isa = PBXFileReference; lastKnownFileType = net.daringfireball.markdown; name = CODE_OF_CONDUCT.md; path = ../CODE_OF_CONDUCT.md; sourceTree = "<group>"; };
		81748A751CEEBBB300487BFE /* Collection.swift */ = {isa = PBXFileReference; fileEncoding = 4; lastKnownFileType = sourcecode.swift; name = Collection.swift; path = Sources/Classes/Collection.swift; sourceTree = "<group>"; };
		81748A811CEEBC5B00487BFE /* CollectionsService.swift */ = {isa = PBXFileReference; fileEncoding = 4; lastKnownFileType = sourcecode.swift; name = CollectionsService.swift; path = Sources/Classes/CollectionsService.swift; sourceTree = "<group>"; };
		81748A861CEEBDBE00487BFE /* CollectionParser.swift */ = {isa = PBXFileReference; fileEncoding = 4; lastKnownFileType = sourcecode.swift; name = CollectionParser.swift; path = Sources/Classes/CollectionParser.swift; sourceTree = "<group>"; };
		8180CA2B1CEBEB12008E3011 /* MongoLabKit.framework */ = {isa = PBXFileReference; explicitFileType = wrapper.framework; includeInIndex = 0; path = MongoLabKit.framework; sourceTree = BUILT_PRODUCTS_DIR; };
		8180CA2E1CEBEB12008E3011 /* MongoLabKit.h */ = {isa = PBXFileReference; lastKnownFileType = sourcecode.c.h; name = MongoLabKit.h; path = Sources/MongoLabKit.h; sourceTree = "<group>"; };
		8180CA391CEBEB39008E3011 /* MongoLabKit.framework */ = {isa = PBXFileReference; explicitFileType = wrapper.framework; includeInIndex = 0; path = MongoLabKit.framework; sourceTree = BUILT_PRODUCTS_DIR; };
		8180CA461CEBEB44008E3011 /* MongoLabKit.framework */ = {isa = PBXFileReference; explicitFileType = wrapper.framework; includeInIndex = 0; path = MongoLabKit.framework; sourceTree = BUILT_PRODUCTS_DIR; };
		8180CA501CEBEBE7008E3011 /* Info-iOS.plist */ = {isa = PBXFileReference; lastKnownFileType = text.plist.xml; name = "Info-iOS.plist"; path = "Sources/Info-iOS.plist"; sourceTree = "<group>"; };
		8180CA511CEBEBE7008E3011 /* Info-tvOS.plist */ = {isa = PBXFileReference; lastKnownFileType = text.plist.xml; name = "Info-tvOS.plist"; path = "Sources/Info-tvOS.plist"; sourceTree = "<group>"; };
		8180CA521CEBEBE7008E3011 /* Info-watchOS.plist */ = {isa = PBXFileReference; lastKnownFileType = text.plist.xml; name = "Info-watchOS.plist"; path = "Sources/Info-watchOS.plist"; sourceTree = "<group>"; };
		8180CA561CEBEEB8008E3011 /* LICENSE */ = {isa = PBXFileReference; lastKnownFileType = text; name = LICENSE; path = ../LICENSE; sourceTree = "<group>"; };
		8180CA571CEBEEB8008E3011 /* README.md */ = {isa = PBXFileReference; lastKnownFileType = net.daringfireball.markdown; name = README.md; path = ../README.md; sourceTree = "<group>"; };
		8180CA591CEBEEE4008E3011 /* ErrorDescribable.swift */ = {isa = PBXFileReference; fileEncoding = 4; lastKnownFileType = sourcecode.swift; name = ErrorDescribable.swift; path = Sources/Classes/ErrorDescribable.swift; sourceTree = "<group>"; };
		8180CA5A1CEBEEE4008E3011 /* MongoLabClient.swift */ = {isa = PBXFileReference; fileEncoding = 4; lastKnownFileType = sourcecode.swift; name = MongoLabClient.swift; path = Sources/Classes/MongoLabClient.swift; sourceTree = "<group>"; };
		8180CA5B1CEBEEE4008E3011 /* MongoLabConfiguration.swift */ = {isa = PBXFileReference; fileEncoding = 4; lastKnownFileType = sourcecode.swift; name = MongoLabConfiguration.swift; path = Sources/Classes/MongoLabConfiguration.swift; sourceTree = "<group>"; };
		8180CA5C1CEBEEE4008E3011 /* MongoLabError.swift */ = {isa = PBXFileReference; fileEncoding = 4; lastKnownFileType = sourcecode.swift; name = MongoLabError.swift; path = Sources/Classes/MongoLabError.swift; sourceTree = "<group>"; };
		8180CA5D1CEBEEE4008E3011 /* MongoLabErrorParser.swift */ = {isa = PBXFileReference; fileEncoding = 4; lastKnownFileType = sourcecode.swift; name = MongoLabErrorParser.swift; path = Sources/Classes/MongoLabErrorParser.swift; sourceTree = "<group>"; };
		8180CA5E1CEBEEE4008E3011 /* MongoLabResponseParser.swift */ = {isa = PBXFileReference; fileEncoding = 4; lastKnownFileType = sourcecode.swift; name = MongoLabResponseParser.swift; path = Sources/Classes/MongoLabResponseParser.swift; sourceTree = "<group>"; };
		8180CA5F1CEBEEE4008E3011 /* MongoLabURLRequest.swift */ = {isa = PBXFileReference; fileEncoding = 4; lastKnownFileType = sourcecode.swift; name = MongoLabURLRequest.swift; path = Sources/Classes/MongoLabURLRequest.swift; sourceTree = "<group>"; };
		8180CABA1CEBF39F008E3011 /* MongoLabKitTests.xctest */ = {isa = PBXFileReference; explicitFileType = wrapper.cfbundle; includeInIndex = 0; path = MongoLabKitTests.xctest; sourceTree = BUILT_PRODUCTS_DIR; };
		8180CABC1CEBF39F008E3011 /* CollectionsServiceTests.swift */ = {isa = PBXFileReference; lastKnownFileType = sourcecode.swift; path = CollectionsServiceTests.swift; sourceTree = "<group>"; };
		8180CABE1CEBF39F008E3011 /* Info.plist */ = {isa = PBXFileReference; lastKnownFileType = text.plist.xml; path = Info.plist; sourceTree = "<group>"; };
		8180CAF41CEC0240008E3011 /* CONTRIBUTING.md */ = {isa = PBXFileReference; lastKnownFileType = net.daringfireball.markdown; name = CONTRIBUTING.md; path = ../CONTRIBUTING.md; sourceTree = "<group>"; };
		8189475D1CEC3E86004CC52B /* MongoLabKitSwift.podspec */ = {isa = PBXFileReference; lastKnownFileType = text; name = MongoLabKitSwift.podspec; path = ../MongoLabKitSwift.podspec; sourceTree = "<group>"; };
		819ECB131CEEC89F000AB899 /* MongoLabKitExamples.app */ = {isa = PBXFileReference; explicitFileType = wrapper.application; includeInIndex = 0; path = MongoLabKitExamples.app; sourceTree = BUILT_PRODUCTS_DIR; };
		819ECB151CEEC89F000AB899 /* AppDelegate.swift */ = {isa = PBXFileReference; lastKnownFileType = sourcecode.swift; path = AppDelegate.swift; sourceTree = "<group>"; };
		819ECB171CEEC89F000AB899 /* ViewController.swift */ = {isa = PBXFileReference; lastKnownFileType = sourcecode.swift; path = ViewController.swift; sourceTree = "<group>"; };
		819ECB1A1CEEC89F000AB899 /* Base */ = {isa = PBXFileReference; lastKnownFileType = file.storyboard; name = Base; path = Base.lproj/Main.storyboard; sourceTree = "<group>"; };
		819ECB1C1CEEC89F000AB899 /* Assets.xcassets */ = {isa = PBXFileReference; lastKnownFileType = folder.assetcatalog; path = Assets.xcassets; sourceTree = "<group>"; };
		819ECB1F1CEEC89F000AB899 /* Base */ = {isa = PBXFileReference; lastKnownFileType = file.storyboard; name = Base; path = Base.lproj/LaunchScreen.storyboard; sourceTree = "<group>"; };
		819ECB211CEEC89F000AB899 /* Info.plist */ = {isa = PBXFileReference; lastKnownFileType = text.plist.xml; path = Info.plist; sourceTree = "<group>"; };
		81F6BB661E2DC60000262CCB /* Service.swift */ = {isa = PBXFileReference; fileEncoding = 4; lastKnownFileType = sourcecode.swift; name = Service.swift; path = Sources/Classes/Service.swift; sourceTree = "<group>"; };
		81F6BB681E2DCAB400262CCB /* DocumentService.swift */ = {isa = PBXFileReference; fileEncoding = 4; lastKnownFileType = sourcecode.swift; name = DocumentService.swift; path = Sources/Classes/DocumentService.swift; sourceTree = "<group>"; };
		81F6BB6A1E2DCC3800262CCB /* Documents.swift */ = {isa = PBXFileReference; fileEncoding = 4; lastKnownFileType = sourcecode.swift; name = Documents.swift; path = Sources/Classes/Documents.swift; sourceTree = "<group>"; };
		81F6BB6C1E2DCC4B00262CCB /* Collections.swift */ = {isa = PBXFileReference; fileEncoding = 4; lastKnownFileType = sourcecode.swift; name = Collections.swift; path = Sources/Classes/Collections.swift; sourceTree = "<group>"; };
/* End PBXFileReference section */

/* Begin PBXFrameworksBuildPhase section */
		8180CA271CEBEB12008E3011 /* Frameworks */ = {
			isa = PBXFrameworksBuildPhase;
			buildActionMask = 2147483647;
			files = (
			);
			runOnlyForDeploymentPostprocessing = 0;
		};
		8180CA351CEBEB39008E3011 /* Frameworks */ = {
			isa = PBXFrameworksBuildPhase;
			buildActionMask = 2147483647;
			files = (
			);
			runOnlyForDeploymentPostprocessing = 0;
		};
		8180CA421CEBEB44008E3011 /* Frameworks */ = {
			isa = PBXFrameworksBuildPhase;
			buildActionMask = 2147483647;
			files = (
			);
			runOnlyForDeploymentPostprocessing = 0;
		};
		8180CAB71CEBF39F008E3011 /* Frameworks */ = {
			isa = PBXFrameworksBuildPhase;
			buildActionMask = 2147483647;
			files = (
				8180CABF1CEBF39F008E3011 /* MongoLabKit.framework in Frameworks */,
			);
			runOnlyForDeploymentPostprocessing = 0;
		};
		819ECB101CEEC89F000AB899 /* Frameworks */ = {
			isa = PBXFrameworksBuildPhase;
			buildActionMask = 2147483647;
			files = (
			);
			runOnlyForDeploymentPostprocessing = 0;
		};
/* End PBXFrameworksBuildPhase section */

/* Begin PBXGroup section */
		811353BD1CF7C28800E76DD5 /* Documents */ = {
			isa = PBXGroup;
			children = (
				811353BE1CF7C31A00E76DD5 /* Integration.md */,
				811353BF1CF7C38500E76DD5 /* UsageWithService.md */,
				811353C11CF7E85500E76DD5 /* UsageWithCustomRequest.md */,
			);
			name = Documents;
			sourceTree = "<group>";
		};
		8135742D1CF3D4BE00FBDBEF /* Resources */ = {
			isa = PBXGroup;
			children = (
				813574321CF3DB5300FBDBEF /* Storyboard */,
				819ECB1C1CEEC89F000AB899 /* Assets.xcassets */,
			);
			name = Resources;
			sourceTree = "<group>";
		};
		8135742E1CF3D4C400FBDBEF /* Supporting files */ = {
			isa = PBXGroup;
			children = (
				819ECB211CEEC89F000AB899 /* Info.plist */,
			);
			name = "Supporting files";
			sourceTree = "<group>";
		};
		8135742F1CF3D4CD00FBDBEF /* Classes */ = {
			isa = PBXGroup;
			children = (
				819ECB151CEEC89F000AB899 /* AppDelegate.swift */,
				819ECB171CEEC89F000AB899 /* ViewController.swift */,
			);
			name = Classes;
			sourceTree = "<group>";
		};
		813574321CF3DB5300FBDBEF /* Storyboard */ = {
			isa = PBXGroup;
			children = (
				819ECB191CEEC89F000AB899 /* Main.storyboard */,
				819ECB1E1CEEC89F000AB899 /* LaunchScreen.storyboard */,
			);
			name = Storyboard;
			sourceTree = "<group>";
		};
		81748A6E1CEEBA4A00487BFE /* Data */ = {
			isa = PBXGroup;
			children = (
				8180CA591CEBEEE4008E3011 /* ErrorDescribable.swift */,
				8180CA5C1CEBEEE4008E3011 /* MongoLabError.swift */,
				8180CA5B1CEBEEE4008E3011 /* MongoLabConfiguration.swift */,
				81F6BB6C1E2DCC4B00262CCB /* Collections.swift */,
				81748A751CEEBBB300487BFE /* Collection.swift */,
				81F6BB6A1E2DCC3800262CCB /* Documents.swift */,
				811353A21CF40C8A00E76DD5 /* Document.swift */,
			);
			name = Data;
			sourceTree = "<group>";
		};
		81748A6F1CEEBA6500487BFE /* Client */ = {
			isa = PBXGroup;
			children = (
				8180CA5A1CEBEEE4008E3011 /* MongoLabClient.swift */,
				8180CA5E1CEBEEE4008E3011 /* MongoLabResponseParser.swift */,
				8180CA5D1CEBEEE4008E3011 /* MongoLabErrorParser.swift */,
			);
			name = Client;
			sourceTree = "<group>";
		};
		81748A701CEEBA6C00487BFE /* Parser */ = {
			isa = PBXGroup;
			children = (
				81748A861CEEBDBE00487BFE /* CollectionParser.swift */,
				811353A81CF40E9900E76DD5 /* DocumentsParser.swift */,
				811353AC1CF40EE800E76DD5 /* DocumentParser.swift */,
			);
			name = Parser;
			sourceTree = "<group>";
		};
		81748A711CEEBA7800487BFE /* Request */ = {
			isa = PBXGroup;
			children = (
				8180CA5F1CEBEEE4008E3011 /* MongoLabURLRequest.swift */,
			);
			name = Request;
			sourceTree = "<group>";
		};
		81748A721CEEBAD100487BFE /* Service */ = {
			isa = PBXGroup;
			children = (
				81F6BB661E2DC60000262CCB /* Service.swift */,
				81748A811CEEBC5B00487BFE /* CollectionsService.swift */,
				813574371CF40BFD00FBDBEF /* DocumentsService.swift */,
				81F6BB681E2DCAB400262CCB /* DocumentService.swift */,
			);
			name = Service;
			sourceTree = "<group>";
		};
		8180CA1F1CEBEA71008E3011 = {
			isa = PBXGroup;
			children = (
				8180CA551CEBEE8E008E3011 /* Metadata */,
				8180CA4F1CEBEBD8008E3011 /* Sources */,
				8180CABB1CEBF39F008E3011 /* MongoLabKitTests */,
				819ECB141CEEC89F000AB899 /* MongoLabKitExamples */,
				8180CA2C1CEBEB12008E3011 /* Products */,
			);
			sourceTree = "<group>";
		};
		8180CA2C1CEBEB12008E3011 /* Products */ = {
			isa = PBXGroup;
			children = (
				8180CA2B1CEBEB12008E3011 /* MongoLabKit.framework */,
				8180CA391CEBEB39008E3011 /* MongoLabKit.framework */,
				8180CA461CEBEB44008E3011 /* MongoLabKit.framework */,
				8180CABA1CEBF39F008E3011 /* MongoLabKitTests.xctest */,
				819ECB131CEEC89F000AB899 /* MongoLabKitExamples.app */,
			);
			name = Products;
			sourceTree = "<group>";
		};
		8180CA4F1CEBEBD8008E3011 /* Sources */ = {
			isa = PBXGroup;
			children = (
				8180CA581CEBEEC6008E3011 /* Classes */,
				8180CA501CEBEBE7008E3011 /* Info-iOS.plist */,
				8180CA511CEBEBE7008E3011 /* Info-tvOS.plist */,
				8180CA521CEBEBE7008E3011 /* Info-watchOS.plist */,
				8180CA2E1CEBEB12008E3011 /* MongoLabKit.h */,
			);
			name = Sources;
			sourceTree = "<group>";
		};
		8180CA551CEBEE8E008E3011 /* Metadata */ = {
			isa = PBXGroup;
			children = (
				811353BD1CF7C28800E76DD5 /* Documents */,
				8180CA561CEBEEB8008E3011 /* LICENSE */,
				8180CA571CEBEEB8008E3011 /* README.md */,
				8180CAF41CEC0240008E3011 /* CONTRIBUTING.md */,
				81748A6D1CEE9A7600487BFE /* CODE_OF_CONDUCT.md */,
				811353C21CF7F38F00E76DD5 /* CHANGELOG.md */,
				8189475D1CEC3E86004CC52B /* MongoLabKitSwift.podspec */,
			);
			name = Metadata;
			sourceTree = "<group>";
		};
		8180CA581CEBEEC6008E3011 /* Classes */ = {
			isa = PBXGroup;
			children = (
				81748A6F1CEEBA6500487BFE /* Client */,
				81748A721CEEBAD100487BFE /* Service */,
				81748A711CEEBA7800487BFE /* Request */,
				81748A701CEEBA6C00487BFE /* Parser */,
				81748A6E1CEEBA4A00487BFE /* Data */,
			);
			name = Classes;
			sourceTree = "<group>";
		};
		8180CABB1CEBF39F008E3011 /* MongoLabKitTests */ = {
			isa = PBXGroup;
			children = (
				8180CABC1CEBF39F008E3011 /* CollectionsServiceTests.swift */,
				811353B71CF4173E00E76DD5 /* DocumentsServiceTests.swift */,
				8180CABE1CEBF39F008E3011 /* Info.plist */,
			);
			path = MongoLabKitTests;
			sourceTree = "<group>";
		};
		819ECB141CEEC89F000AB899 /* MongoLabKitExamples */ = {
			isa = PBXGroup;
			children = (
				8135742F1CF3D4CD00FBDBEF /* Classes */,
				8135742D1CF3D4BE00FBDBEF /* Resources */,
				8135742E1CF3D4C400FBDBEF /* Supporting files */,
			);
			path = MongoLabKitExamples;
			sourceTree = "<group>";
		};
/* End PBXGroup section */

/* Begin PBXHeadersBuildPhase section */
		8180CA281CEBEB12008E3011 /* Headers */ = {
			isa = PBXHeadersBuildPhase;
			buildActionMask = 2147483647;
			files = (
				8180CA2F1CEBEB12008E3011 /* MongoLabKit.h in Headers */,
			);
			runOnlyForDeploymentPostprocessing = 0;
		};
		8180CA361CEBEB39008E3011 /* Headers */ = {
			isa = PBXHeadersBuildPhase;
			buildActionMask = 2147483647;
			files = (
				8180CA531CEBED05008E3011 /* MongoLabKit.h in Headers */,
			);
			runOnlyForDeploymentPostprocessing = 0;
		};
		8180CA431CEBEB44008E3011 /* Headers */ = {
			isa = PBXHeadersBuildPhase;
			buildActionMask = 2147483647;
			files = (
				8180CA541CEBED06008E3011 /* MongoLabKit.h in Headers */,
			);
			runOnlyForDeploymentPostprocessing = 0;
		};
/* End PBXHeadersBuildPhase section */

/* Begin PBXNativeTarget section */
		8180CA2A1CEBEB12008E3011 /* MongoLabKit iOS */ = {
			isa = PBXNativeTarget;
			buildConfigurationList = 8180CA311CEBEB12008E3011 /* Build configuration list for PBXNativeTarget "MongoLabKit iOS" */;
			buildPhases = (
				8180CA261CEBEB12008E3011 /* Sources */,
				8180CA271CEBEB12008E3011 /* Frameworks */,
				8180CA281CEBEB12008E3011 /* Headers */,
				8180CA291CEBEB12008E3011 /* Resources */,
			);
			buildRules = (
			);
			dependencies = (
			);
			name = "MongoLabKit iOS";
			productName = "SwiftMongoLabKit iOS";
			productReference = 8180CA2B1CEBEB12008E3011 /* MongoLabKit.framework */;
			productType = "com.apple.product-type.framework";
		};
		8180CA381CEBEB39008E3011 /* MongoLabKit watchOS */ = {
			isa = PBXNativeTarget;
			buildConfigurationList = 8180CA3E1CEBEB39008E3011 /* Build configuration list for PBXNativeTarget "MongoLabKit watchOS" */;
			buildPhases = (
				8180CA341CEBEB39008E3011 /* Sources */,
				8180CA351CEBEB39008E3011 /* Frameworks */,
				8180CA361CEBEB39008E3011 /* Headers */,
				8180CA371CEBEB39008E3011 /* Resources */,
			);
			buildRules = (
			);
			dependencies = (
			);
			name = "MongoLabKit watchOS";
			productName = "SwiftMongoLabKit watchOS";
			productReference = 8180CA391CEBEB39008E3011 /* MongoLabKit.framework */;
			productType = "com.apple.product-type.framework";
		};
		8180CA451CEBEB44008E3011 /* MongoLabKit tvOS */ = {
			isa = PBXNativeTarget;
			buildConfigurationList = 8180CA4B1CEBEB44008E3011 /* Build configuration list for PBXNativeTarget "MongoLabKit tvOS" */;
			buildPhases = (
				8180CA411CEBEB44008E3011 /* Sources */,
				8180CA421CEBEB44008E3011 /* Frameworks */,
				8180CA431CEBEB44008E3011 /* Headers */,
				8180CA441CEBEB44008E3011 /* Resources */,
			);
			buildRules = (
			);
			dependencies = (
			);
			name = "MongoLabKit tvOS";
			productName = "SwiftMongoLabKit tvOS";
			productReference = 8180CA461CEBEB44008E3011 /* MongoLabKit.framework */;
			productType = "com.apple.product-type.framework";
		};
		8180CAB91CEBF39F008E3011 /* MongoLabKitTests */ = {
			isa = PBXNativeTarget;
			buildConfigurationList = 8180CAC21CEBF39F008E3011 /* Build configuration list for PBXNativeTarget "MongoLabKitTests" */;
			buildPhases = (
				8180CAB61CEBF39F008E3011 /* Sources */,
				8180CAB71CEBF39F008E3011 /* Frameworks */,
				8180CAB81CEBF39F008E3011 /* Resources */,
			);
			buildRules = (
			);
			dependencies = (
				8180CAC11CEBF39F008E3011 /* PBXTargetDependency */,
				813FD38C1DB637C8004F947D /* PBXTargetDependency */,
			);
			name = MongoLabKitTests;
			productName = SwiftMongoLabKitTests;
			productReference = 8180CABA1CEBF39F008E3011 /* MongoLabKitTests.xctest */;
			productType = "com.apple.product-type.bundle.unit-test";
		};
		819ECB121CEEC89F000AB899 /* MongoLabKitExamples */ = {
			isa = PBXNativeTarget;
			buildConfigurationList = 819ECB241CEEC89F000AB899 /* Build configuration list for PBXNativeTarget "MongoLabKitExamples" */;
			buildPhases = (
				819ECB0F1CEEC89F000AB899 /* Sources */,
				819ECB101CEEC89F000AB899 /* Frameworks */,
				819ECB111CEEC89F000AB899 /* Resources */,
			);
			buildRules = (
			);
			dependencies = (
			);
			name = MongoLabKitExamples;
			productName = SwiftMongoLabKitExamples;
			productReference = 819ECB131CEEC89F000AB899 /* MongoLabKitExamples.app */;
			productType = "com.apple.product-type.application";
		};
/* End PBXNativeTarget section */

/* Begin PBXProject section */
		8180CA201CEBEA71008E3011 /* Project object */ = {
			isa = PBXProject;
			attributes = {
				LastSwiftUpdateCheck = 0730;
				LastUpgradeCheck = 0800;
				TargetAttributes = {
					8180CA2A1CEBEB12008E3011 = {
						CreatedOnToolsVersion = 7.3.1;
					};
					8180CA381CEBEB39008E3011 = {
						CreatedOnToolsVersion = 7.3.1;
					};
					8180CA451CEBEB44008E3011 = {
						CreatedOnToolsVersion = 7.3.1;
					};
					8180CAB91CEBF39F008E3011 = {
						CreatedOnToolsVersion = 7.3.1;
					};
					819ECB121CEEC89F000AB899 = {
						CreatedOnToolsVersion = 7.3.1;
						LastSwiftMigration = 0800;
					};
				};
			};
			buildConfigurationList = 8180CA231CEBEA71008E3011 /* Build configuration list for PBXProject "MongoLabKit" */;
			compatibilityVersion = "Xcode 3.2";
			developmentRegion = English;
			hasScannedForEncodings = 0;
			knownRegions = (
				en,
				Base,
			);
			mainGroup = 8180CA1F1CEBEA71008E3011;
			productRefGroup = 8180CA2C1CEBEB12008E3011 /* Products */;
			projectDirPath = "";
			projectRoot = "";
			targets = (
				8180CA2A1CEBEB12008E3011 /* MongoLabKit iOS */,
				8180CA381CEBEB39008E3011 /* MongoLabKit watchOS */,
				8180CA451CEBEB44008E3011 /* MongoLabKit tvOS */,
				8180CAB91CEBF39F008E3011 /* MongoLabKitTests */,
				819ECB121CEEC89F000AB899 /* MongoLabKitExamples */,
			);
		};
/* End PBXProject section */

/* Begin PBXResourcesBuildPhase section */
		8180CA291CEBEB12008E3011 /* Resources */ = {
			isa = PBXResourcesBuildPhase;
			buildActionMask = 2147483647;
			files = (
			);
			runOnlyForDeploymentPostprocessing = 0;
		};
		8180CA371CEBEB39008E3011 /* Resources */ = {
			isa = PBXResourcesBuildPhase;
			buildActionMask = 2147483647;
			files = (
			);
			runOnlyForDeploymentPostprocessing = 0;
		};
		8180CA441CEBEB44008E3011 /* Resources */ = {
			isa = PBXResourcesBuildPhase;
			buildActionMask = 2147483647;
			files = (
			);
			runOnlyForDeploymentPostprocessing = 0;
		};
		8180CAB81CEBF39F008E3011 /* Resources */ = {
			isa = PBXResourcesBuildPhase;
			buildActionMask = 2147483647;
			files = (
			);
			runOnlyForDeploymentPostprocessing = 0;
		};
		819ECB111CEEC89F000AB899 /* Resources */ = {
			isa = PBXResourcesBuildPhase;
			buildActionMask = 2147483647;
			files = (
				819ECB201CEEC89F000AB899 /* LaunchScreen.storyboard in Resources */,
				819ECB1D1CEEC89F000AB899 /* Assets.xcassets in Resources */,
				819ECB1B1CEEC89F000AB899 /* Main.storyboard in Resources */,
			);
			runOnlyForDeploymentPostprocessing = 0;
		};
/* End PBXResourcesBuildPhase section */

/* Begin PBXSourcesBuildPhase section */
		8180CA261CEBEB12008E3011 /* Sources */ = {
			isa = PBXSourcesBuildPhase;
			buildActionMask = 2147483647;
			files = (
				81F6BB691E2DCAB400262CCB /* DocumentService.swift in Sources */,
				81748A761CEEBBB300487BFE /* Collection.swift in Sources */,
				8180CA601CEBEEE4008E3011 /* ErrorDescribable.swift in Sources */,
				81F6BB671E2DC60000262CCB /* Service.swift in Sources */,
				813574381CF40BFD00FBDBEF /* DocumentsService.swift in Sources */,
				8180CA6C1CEBEEE4008E3011 /* MongoLabErrorParser.swift in Sources */,
				8180CA721CEBEEE4008E3011 /* MongoLabURLRequest.swift in Sources */,
				8180CA631CEBEEE4008E3011 /* MongoLabClient.swift in Sources */,
				8180CA661CEBEEE4008E3011 /* MongoLabConfiguration.swift in Sources */,
				81748A871CEEBDBE00487BFE /* CollectionParser.swift in Sources */,
				811353A31CF40C8A00E76DD5 /* Document.swift in Sources */,
				811353A91CF40E9900E76DD5 /* DocumentsParser.swift in Sources */,
				81748A821CEEBC5B00487BFE /* CollectionsService.swift in Sources */,
				811353AD1CF40EE800E76DD5 /* DocumentParser.swift in Sources */,
				8180CA6F1CEBEEE4008E3011 /* MongoLabResponseParser.swift in Sources */,
				81F6BB6D1E2DCC4B00262CCB /* Collections.swift in Sources */,
				81F6BB6B1E2DCC3800262CCB /* Documents.swift in Sources */,
				8180CA691CEBEEE4008E3011 /* MongoLabError.swift in Sources */,
			);
			runOnlyForDeploymentPostprocessing = 0;
		};
		8180CA341CEBEB39008E3011 /* Sources */ = {
			isa = PBXSourcesBuildPhase;
			buildActionMask = 2147483647;
			files = (
				81748A791CEEBBDC00487BFE /* Collection.swift in Sources */,
				8180CA611CEBEEE4008E3011 /* ErrorDescribable.swift in Sources */,
				81F6BB7A1E2DCFC800262CCB /* DocumentService.swift in Sources */,
				81F6BB6E1E2DCCC300262CCB /* Service.swift in Sources */,
				8180CA6D1CEBEEE4008E3011 /* MongoLabErrorParser.swift in Sources */,
				8180CA731CEBEEE4008E3011 /* MongoLabURLRequest.swift in Sources */,
				811353A41CF40C8A00E76DD5 /* Document.swift in Sources */,
				8180CA641CEBEEE4008E3011 /* MongoLabClient.swift in Sources */,
				8180CA671CEBEEE4008E3011 /* MongoLabConfiguration.swift in Sources */,
				81748A881CEEBDBE00487BFE /* CollectionParser.swift in Sources */,
				811353A61CF40C9100E76DD5 /* DocumentsService.swift in Sources */,
				811353AA1CF40E9900E76DD5 /* DocumentsParser.swift in Sources */,
				81F6BB6F1E2DCCC300262CCB /* Collections.swift in Sources */,
				81748A831CEEBC5B00487BFE /* CollectionsService.swift in Sources */,
				811353AE1CF40EE800E76DD5 /* DocumentParser.swift in Sources */,
				8180CA701CEBEEE4008E3011 /* MongoLabResponseParser.swift in Sources */,
				81F6BB701E2DCCC300262CCB /* Documents.swift in Sources */,
				8180CA6A1CEBEEE4008E3011 /* MongoLabError.swift in Sources */,
			);
			runOnlyForDeploymentPostprocessing = 0;
		};
		8180CA411CEBEB44008E3011 /* Sources */ = {
			isa = PBXSourcesBuildPhase;
			buildActionMask = 2147483647;
			files = (
				81748A7A1CEEBBDD00487BFE /* Collection.swift in Sources */,
				8180CA621CEBEEE4008E3011 /* ErrorDescribable.swift in Sources */,
				81F6BB7B1E2DCFC900262CCB /* DocumentService.swift in Sources */,
				81F6BB711E2DCCC400262CCB /* Service.swift in Sources */,
				8180CA6E1CEBEEE4008E3011 /* MongoLabErrorParser.swift in Sources */,
				8180CA741CEBEEE4008E3011 /* MongoLabURLRequest.swift in Sources */,
				811353A51CF40C8A00E76DD5 /* Document.swift in Sources */,
				8180CA651CEBEEE4008E3011 /* MongoLabClient.swift in Sources */,
				8180CA681CEBEEE4008E3011 /* MongoLabConfiguration.swift in Sources */,
				81748A891CEEBDBE00487BFE /* CollectionParser.swift in Sources */,
				811353A71CF40C9100E76DD5 /* DocumentsService.swift in Sources */,
				811353AB1CF40E9900E76DD5 /* DocumentsParser.swift in Sources */,
				81F6BB721E2DCCC400262CCB /* Collections.swift in Sources */,
				81748A841CEEBC5B00487BFE /* CollectionsService.swift in Sources */,
				811353AF1CF40EE800E76DD5 /* DocumentParser.swift in Sources */,
				8180CA711CEBEEE4008E3011 /* MongoLabResponseParser.swift in Sources */,
				81F6BB731E2DCCC400262CCB /* Documents.swift in Sources */,
				8180CA6B1CEBEEE4008E3011 /* MongoLabError.swift in Sources */,
			);
			runOnlyForDeploymentPostprocessing = 0;
		};
		8180CAB61CEBF39F008E3011 /* Sources */ = {
			isa = PBXSourcesBuildPhase;
			buildActionMask = 2147483647;
			files = (
				81748A921CEEC12600487BFE /* MongoLabResponseParser.swift in Sources */,
				81748A8B1CEEBF0C00487BFE /* MongoLabURLRequest.swift in Sources */,
				81748A8C1CEEC11200487BFE /* ErrorDescribable.swift in Sources */,
				81748A851CEEBC5B00487BFE /* CollectionsService.swift in Sources */,
				811353B91CF41BE600E76DD5 /* DocumentsService.swift in Sources */,
				811353BB1CF41BED00E76DD5 /* DocumentParser.swift in Sources */,
				811353B81CF4173E00E76DD5 /* DocumentsServiceTests.swift in Sources */,
				81748A8D1CEEC11400487BFE /* MongoLabError.swift in Sources */,
				81F6BB7C1E2DCFC900262CCB /* DocumentService.swift in Sources */,
				811353BC1CF41BF400E76DD5 /* Document.swift in Sources */,
				81F6BB761E2DCCC500262CCB /* Documents.swift in Sources */,
				811353BA1CF41BED00E76DD5 /* DocumentsParser.swift in Sources */,
				8180CAC51CEBF3B3008E3011 /* CollectionsServiceTests.swift in Sources */,
				81F6BB741E2DCCC500262CCB /* Service.swift in Sources */,
				81748A8E1CEEC11700487BFE /* MongoLabConfiguration.swift in Sources */,
				81748A901CEEC12200487BFE /* MongoLabErrorParser.swift in Sources */,
				81748A8F1CEEC11C00487BFE /* MongoLabClient.swift in Sources */,
				81F6BB751E2DCCC500262CCB /* Collections.swift in Sources */,
				811353B21CF40EF300E76DD5 /* CollectionParser.swift in Sources */,
				81748A7B1CEEBBDD00487BFE /* Collection.swift in Sources */,
			);
			runOnlyForDeploymentPostprocessing = 0;
		};
		819ECB0F1CEEC89F000AB899 /* Sources */ = {
			isa = PBXSourcesBuildPhase;
			buildActionMask = 2147483647;
			files = (
				819ECB181CEEC89F000AB899 /* ViewController.swift in Sources */,
				819ECB2B1CEEC93F000AB899 /* MongoLabURLRequest.swift in Sources */,
				819ECB291CEEC93F000AB899 /* MongoLabClient.swift in Sources */,
				819ECB251CEEC93F000AB899 /* ErrorDescribable.swift in Sources */,
				811353B31CF4108300E76DD5 /* DocumentsService.swift in Sources */,
				819ECB271CEEC93F000AB899 /* MongoLabConfiguration.swift in Sources */,
				811353B51CF4109000E76DD5 /* DocumentsParser.swift in Sources */,
				819ECB281CEEC93F000AB899 /* Collection.swift in Sources */,
				81F6BB7D1E2DCFCA00262CCB /* DocumentService.swift in Sources */,
				819ECB2E1CEEC93F000AB899 /* CollectionParser.swift in Sources */,
				81F6BB791E2DCCC500262CCB /* Documents.swift in Sources */,
				819ECB2C1CEEC93F000AB899 /* MongoLabErrorParser.swift in Sources */,
				819ECB161CEEC89F000AB899 /* AppDelegate.swift in Sources */,
				81F6BB771E2DCCC500262CCB /* Service.swift in Sources */,
				811353B61CF4109000E76DD5 /* DocumentParser.swift in Sources */,
				819ECB261CEEC93F000AB899 /* MongoLabError.swift in Sources */,
				819ECB2D1CEEC93F000AB899 /* MongoLabResponseParser.swift in Sources */,
				81F6BB781E2DCCC500262CCB /* Collections.swift in Sources */,
				811353B41CF4108700E76DD5 /* Document.swift in Sources */,
				819ECB2A1CEEC93F000AB899 /* CollectionsService.swift in Sources */,
			);
			runOnlyForDeploymentPostprocessing = 0;
		};
/* End PBXSourcesBuildPhase section */

/* Begin PBXTargetDependency section */
		813FD38C1DB637C8004F947D /* PBXTargetDependency */ = {
			isa = PBXTargetDependency;
			target = 819ECB121CEEC89F000AB899 /* MongoLabKitExamples */;
			targetProxy = 813FD38B1DB637C8004F947D /* PBXContainerItemProxy */;
		};
		8180CAC11CEBF39F008E3011 /* PBXTargetDependency */ = {
			isa = PBXTargetDependency;
			target = 8180CA2A1CEBEB12008E3011 /* MongoLabKit iOS */;
			targetProxy = 8180CAC01CEBF39F008E3011 /* PBXContainerItemProxy */;
		};
/* End PBXTargetDependency section */

/* Begin PBXVariantGroup section */
		819ECB191CEEC89F000AB899 /* Main.storyboard */ = {
			isa = PBXVariantGroup;
			children = (
				819ECB1A1CEEC89F000AB899 /* Base */,
			);
			name = Main.storyboard;
			sourceTree = "<group>";
		};
		819ECB1E1CEEC89F000AB899 /* LaunchScreen.storyboard */ = {
			isa = PBXVariantGroup;
			children = (
				819ECB1F1CEEC89F000AB899 /* Base */,
			);
			name = LaunchScreen.storyboard;
			sourceTree = "<group>";
		};
/* End PBXVariantGroup section */

/* Begin XCBuildConfiguration section */
		8180CA241CEBEA71008E3011 /* Debug */ = {
			isa = XCBuildConfiguration;
			buildSettings = {
				CLANG_WARN_BOOL_CONVERSION = YES;
				CLANG_WARN_CONSTANT_CONVERSION = YES;
				CLANG_WARN_EMPTY_BODY = YES;
				CLANG_WARN_ENUM_CONVERSION = YES;
				CLANG_WARN_INFINITE_RECURSION = YES;
				CLANG_WARN_INT_CONVERSION = YES;
				CLANG_WARN_SUSPICIOUS_MOVE = YES;
				CLANG_WARN_UNREACHABLE_CODE = YES;
				CLANG_WARN__DUPLICATE_METHOD_MATCH = YES;
				ENABLE_STRICT_OBJC_MSGSEND = YES;
				ENABLE_TESTABILITY = YES;
				GCC_NO_COMMON_BLOCKS = YES;
				GCC_WARN_64_TO_32_BIT_CONVERSION = YES;
				GCC_WARN_ABOUT_RETURN_TYPE = YES;
				GCC_WARN_UNDECLARED_SELECTOR = YES;
				GCC_WARN_UNINITIALIZED_AUTOS = YES;
				GCC_WARN_UNUSED_FUNCTION = YES;
				GCC_WARN_UNUSED_VARIABLE = YES;
				IPHONEOS_DEPLOYMENT_TARGET = 9.0;
				ONLY_ACTIVE_ARCH = YES;
				SWIFT_VERSION = 3.0;
			};
			name = Debug;
		};
		8180CA251CEBEA71008E3011 /* Release */ = {
			isa = XCBuildConfiguration;
			buildSettings = {
				CLANG_WARN_BOOL_CONVERSION = YES;
				CLANG_WARN_CONSTANT_CONVERSION = YES;
				CLANG_WARN_EMPTY_BODY = YES;
				CLANG_WARN_ENUM_CONVERSION = YES;
				CLANG_WARN_INFINITE_RECURSION = YES;
				CLANG_WARN_INT_CONVERSION = YES;
				CLANG_WARN_SUSPICIOUS_MOVE = YES;
				CLANG_WARN_UNREACHABLE_CODE = YES;
				CLANG_WARN__DUPLICATE_METHOD_MATCH = YES;
				ENABLE_STRICT_OBJC_MSGSEND = YES;
				GCC_NO_COMMON_BLOCKS = YES;
				GCC_WARN_64_TO_32_BIT_CONVERSION = YES;
				GCC_WARN_ABOUT_RETURN_TYPE = YES;
				GCC_WARN_UNDECLARED_SELECTOR = YES;
				GCC_WARN_UNINITIALIZED_AUTOS = YES;
				GCC_WARN_UNUSED_FUNCTION = YES;
				GCC_WARN_UNUSED_VARIABLE = YES;
				IPHONEOS_DEPLOYMENT_TARGET = 9.0;
				SWIFT_OPTIMIZATION_LEVEL = "-Owholemodule";
				SWIFT_VERSION = 3.0;
			};
			name = Release;
		};
		8180CA321CEBEB12008E3011 /* Debug */ = {
			isa = XCBuildConfiguration;
			buildSettings = {
				ALWAYS_SEARCH_USER_PATHS = NO;
				APPLICATION_EXTENSION_API_ONLY = YES;
				CLANG_ANALYZER_NONNULL = YES;
				CLANG_CXX_LANGUAGE_STANDARD = "gnu++0x";
				CLANG_CXX_LIBRARY = "libc++";
				CLANG_ENABLE_MODULES = YES;
				CLANG_ENABLE_OBJC_ARC = YES;
				CLANG_WARN_BOOL_CONVERSION = YES;
				CLANG_WARN_CONSTANT_CONVERSION = YES;
				CLANG_WARN_DIRECT_OBJC_ISA_USAGE = YES_ERROR;
				CLANG_WARN_EMPTY_BODY = YES;
				CLANG_WARN_ENUM_CONVERSION = YES;
				CLANG_WARN_INT_CONVERSION = YES;
				CLANG_WARN_OBJC_ROOT_CLASS = YES_ERROR;
				CLANG_WARN_UNREACHABLE_CODE = YES;
				CLANG_WARN__DUPLICATE_METHOD_MATCH = YES;
				"CODE_SIGN_IDENTITY[sdk=iphoneos*]" = "";
				COPY_PHASE_STRIP = NO;
				CURRENT_PROJECT_VERSION = 1;
				DEBUG_INFORMATION_FORMAT = dwarf;
				DEFINES_MODULE = YES;
				DYLIB_COMPATIBILITY_VERSION = 1;
				DYLIB_CURRENT_VERSION = 1;
				DYLIB_INSTALL_NAME_BASE = "@rpath";
				ENABLE_STRICT_OBJC_MSGSEND = YES;
				ENABLE_TESTABILITY = YES;
				GCC_C_LANGUAGE_STANDARD = gnu99;
				GCC_DYNAMIC_NO_PIC = NO;
				GCC_NO_COMMON_BLOCKS = YES;
				GCC_OPTIMIZATION_LEVEL = 0;
				GCC_PREPROCESSOR_DEFINITIONS = (
					"DEBUG=1",
					"$(inherited)",
				);
				GCC_WARN_64_TO_32_BIT_CONVERSION = YES;
				GCC_WARN_ABOUT_RETURN_TYPE = YES_ERROR;
				GCC_WARN_UNDECLARED_SELECTOR = YES;
				GCC_WARN_UNINITIALIZED_AUTOS = YES_AGGRESSIVE;
				GCC_WARN_UNUSED_FUNCTION = YES;
				GCC_WARN_UNUSED_VARIABLE = YES;
				INFOPLIST_FILE = "Sources/Info-iOS.plist";
				INSTALL_PATH = "$(LOCAL_LIBRARY_DIR)/Frameworks";
				IPHONEOS_DEPLOYMENT_TARGET = 9.0;
				LD_RUNPATH_SEARCH_PATHS = "$(inherited) @executable_path/Frameworks @loader_path/Frameworks";
				MTL_ENABLE_DEBUG_INFO = YES;
				ONLY_ACTIVE_ARCH = YES;
				PRODUCT_BUNDLE_IDENTIFIER = com.ustwo.MongoLabKit;
				PRODUCT_NAME = MongoLabKit;
				SDKROOT = iphoneos;
				SKIP_INSTALL = YES;
				SWIFT_OPTIMIZATION_LEVEL = "-Onone";
				SWIFT_VERSION = 3.0;
				TARGETED_DEVICE_FAMILY = "1,2";
				VERSIONING_SYSTEM = "apple-generic";
				VERSION_INFO_PREFIX = "";
			};
			name = Debug;
		};
		8180CA331CEBEB12008E3011 /* Release */ = {
			isa = XCBuildConfiguration;
			buildSettings = {
				ALWAYS_SEARCH_USER_PATHS = NO;
				APPLICATION_EXTENSION_API_ONLY = YES;
				CLANG_ANALYZER_NONNULL = YES;
				CLANG_CXX_LANGUAGE_STANDARD = "gnu++0x";
				CLANG_CXX_LIBRARY = "libc++";
				CLANG_ENABLE_MODULES = YES;
				CLANG_ENABLE_OBJC_ARC = YES;
				CLANG_WARN_BOOL_CONVERSION = YES;
				CLANG_WARN_CONSTANT_CONVERSION = YES;
				CLANG_WARN_DIRECT_OBJC_ISA_USAGE = YES_ERROR;
				CLANG_WARN_EMPTY_BODY = YES;
				CLANG_WARN_ENUM_CONVERSION = YES;
				CLANG_WARN_INT_CONVERSION = YES;
				CLANG_WARN_OBJC_ROOT_CLASS = YES_ERROR;
				CLANG_WARN_UNREACHABLE_CODE = YES;
				CLANG_WARN__DUPLICATE_METHOD_MATCH = YES;
				"CODE_SIGN_IDENTITY[sdk=iphoneos*]" = "";
				COPY_PHASE_STRIP = NO;
				CURRENT_PROJECT_VERSION = 1;
				DEBUG_INFORMATION_FORMAT = "dwarf-with-dsym";
				DEFINES_MODULE = YES;
				DYLIB_COMPATIBILITY_VERSION = 1;
				DYLIB_CURRENT_VERSION = 1;
				DYLIB_INSTALL_NAME_BASE = "@rpath";
				ENABLE_NS_ASSERTIONS = NO;
				ENABLE_STRICT_OBJC_MSGSEND = YES;
				GCC_C_LANGUAGE_STANDARD = gnu99;
				GCC_NO_COMMON_BLOCKS = YES;
				GCC_WARN_64_TO_32_BIT_CONVERSION = YES;
				GCC_WARN_ABOUT_RETURN_TYPE = YES_ERROR;
				GCC_WARN_UNDECLARED_SELECTOR = YES;
				GCC_WARN_UNINITIALIZED_AUTOS = YES_AGGRESSIVE;
				GCC_WARN_UNUSED_FUNCTION = YES;
				GCC_WARN_UNUSED_VARIABLE = YES;
				INFOPLIST_FILE = "Sources/Info-iOS.plist";
				INSTALL_PATH = "$(LOCAL_LIBRARY_DIR)/Frameworks";
				IPHONEOS_DEPLOYMENT_TARGET = 9.0;
				LD_RUNPATH_SEARCH_PATHS = "$(inherited) @executable_path/Frameworks @loader_path/Frameworks";
				MTL_ENABLE_DEBUG_INFO = NO;
				PRODUCT_BUNDLE_IDENTIFIER = com.ustwo.MongoLabKit;
				PRODUCT_NAME = MongoLabKit;
				SDKROOT = iphoneos;
				SKIP_INSTALL = YES;
				SWIFT_VERSION = 3.0;
				TARGETED_DEVICE_FAMILY = "1,2";
				VALIDATE_PRODUCT = YES;
				VERSIONING_SYSTEM = "apple-generic";
				VERSION_INFO_PREFIX = "";
			};
			name = Release;
		};
		8180CA3F1CEBEB39008E3011 /* Debug */ = {
			isa = XCBuildConfiguration;
			buildSettings = {
				ALWAYS_SEARCH_USER_PATHS = NO;
				APPLICATION_EXTENSION_API_ONLY = YES;
				CLANG_ANALYZER_NONNULL = YES;
				CLANG_CXX_LANGUAGE_STANDARD = "gnu++0x";
				CLANG_CXX_LIBRARY = "libc++";
				CLANG_ENABLE_MODULES = YES;
				CLANG_ENABLE_OBJC_ARC = YES;
				CLANG_WARN_BOOL_CONVERSION = YES;
				CLANG_WARN_CONSTANT_CONVERSION = YES;
				CLANG_WARN_DIRECT_OBJC_ISA_USAGE = YES_ERROR;
				CLANG_WARN_EMPTY_BODY = YES;
				CLANG_WARN_ENUM_CONVERSION = YES;
				CLANG_WARN_INT_CONVERSION = YES;
				CLANG_WARN_OBJC_ROOT_CLASS = YES_ERROR;
				CLANG_WARN_UNREACHABLE_CODE = YES;
				CLANG_WARN__DUPLICATE_METHOD_MATCH = YES;
				"CODE_SIGN_IDENTITY[sdk=watchos*]" = "";
				COPY_PHASE_STRIP = NO;
				CURRENT_PROJECT_VERSION = 1;
				DEBUG_INFORMATION_FORMAT = dwarf;
				DEFINES_MODULE = YES;
				DYLIB_COMPATIBILITY_VERSION = 1;
				DYLIB_CURRENT_VERSION = 1;
				DYLIB_INSTALL_NAME_BASE = "@rpath";
				ENABLE_STRICT_OBJC_MSGSEND = YES;
				ENABLE_TESTABILITY = YES;
				GCC_C_LANGUAGE_STANDARD = gnu99;
				GCC_DYNAMIC_NO_PIC = NO;
				GCC_NO_COMMON_BLOCKS = YES;
				GCC_OPTIMIZATION_LEVEL = 0;
				GCC_PREPROCESSOR_DEFINITIONS = (
					"DEBUG=1",
					"$(inherited)",
				);
				GCC_WARN_64_TO_32_BIT_CONVERSION = YES;
				GCC_WARN_ABOUT_RETURN_TYPE = YES_ERROR;
				GCC_WARN_UNDECLARED_SELECTOR = YES;
				GCC_WARN_UNINITIALIZED_AUTOS = YES_AGGRESSIVE;
				GCC_WARN_UNUSED_FUNCTION = YES;
				GCC_WARN_UNUSED_VARIABLE = YES;
				INFOPLIST_FILE = "Sources/Info-watchOS.plist";
				INSTALL_PATH = "$(LOCAL_LIBRARY_DIR)/Frameworks";
				LD_RUNPATH_SEARCH_PATHS = "$(inherited) @executable_path/Frameworks @loader_path/Frameworks";
				MTL_ENABLE_DEBUG_INFO = YES;
				ONLY_ACTIVE_ARCH = YES;
				PRODUCT_BUNDLE_IDENTIFIER = com.ustwo.MongoLabKit;
				PRODUCT_NAME = MongoLabKit;
				SDKROOT = watchos;
				SKIP_INSTALL = YES;
				SWIFT_OPTIMIZATION_LEVEL = "-Onone";
				TARGETED_DEVICE_FAMILY = 4;
				VERSIONING_SYSTEM = "apple-generic";
				VERSION_INFO_PREFIX = "";
				WATCHOS_DEPLOYMENT_TARGET = 2.0;
			};
			name = Debug;
		};
		8180CA401CEBEB39008E3011 /* Release */ = {
			isa = XCBuildConfiguration;
			buildSettings = {
				ALWAYS_SEARCH_USER_PATHS = NO;
				APPLICATION_EXTENSION_API_ONLY = YES;
				CLANG_ANALYZER_NONNULL = YES;
				CLANG_CXX_LANGUAGE_STANDARD = "gnu++0x";
				CLANG_CXX_LIBRARY = "libc++";
				CLANG_ENABLE_MODULES = YES;
				CLANG_ENABLE_OBJC_ARC = YES;
				CLANG_WARN_BOOL_CONVERSION = YES;
				CLANG_WARN_CONSTANT_CONVERSION = YES;
				CLANG_WARN_DIRECT_OBJC_ISA_USAGE = YES_ERROR;
				CLANG_WARN_EMPTY_BODY = YES;
				CLANG_WARN_ENUM_CONVERSION = YES;
				CLANG_WARN_INT_CONVERSION = YES;
				CLANG_WARN_OBJC_ROOT_CLASS = YES_ERROR;
				CLANG_WARN_UNREACHABLE_CODE = YES;
				CLANG_WARN__DUPLICATE_METHOD_MATCH = YES;
				"CODE_SIGN_IDENTITY[sdk=watchos*]" = "";
				COPY_PHASE_STRIP = NO;
				CURRENT_PROJECT_VERSION = 1;
				DEBUG_INFORMATION_FORMAT = "dwarf-with-dsym";
				DEFINES_MODULE = YES;
				DYLIB_COMPATIBILITY_VERSION = 1;
				DYLIB_CURRENT_VERSION = 1;
				DYLIB_INSTALL_NAME_BASE = "@rpath";
				ENABLE_NS_ASSERTIONS = NO;
				ENABLE_STRICT_OBJC_MSGSEND = YES;
				GCC_C_LANGUAGE_STANDARD = gnu99;
				GCC_NO_COMMON_BLOCKS = YES;
				GCC_WARN_64_TO_32_BIT_CONVERSION = YES;
				GCC_WARN_ABOUT_RETURN_TYPE = YES_ERROR;
				GCC_WARN_UNDECLARED_SELECTOR = YES;
				GCC_WARN_UNINITIALIZED_AUTOS = YES_AGGRESSIVE;
				GCC_WARN_UNUSED_FUNCTION = YES;
				GCC_WARN_UNUSED_VARIABLE = YES;
				INFOPLIST_FILE = "Sources/Info-watchOS.plist";
				INSTALL_PATH = "$(LOCAL_LIBRARY_DIR)/Frameworks";
				LD_RUNPATH_SEARCH_PATHS = "$(inherited) @executable_path/Frameworks @loader_path/Frameworks";
				MTL_ENABLE_DEBUG_INFO = NO;
				PRODUCT_BUNDLE_IDENTIFIER = com.ustwo.MongoLabKit;
				PRODUCT_NAME = MongoLabKit;
				SDKROOT = watchos;
				SKIP_INSTALL = YES;
				TARGETED_DEVICE_FAMILY = 4;
				VALIDATE_PRODUCT = YES;
				VERSIONING_SYSTEM = "apple-generic";
				VERSION_INFO_PREFIX = "";
				WATCHOS_DEPLOYMENT_TARGET = 2.0;
			};
			name = Release;
		};
		8180CA4C1CEBEB44008E3011 /* Debug */ = {
			isa = XCBuildConfiguration;
			buildSettings = {
				ALWAYS_SEARCH_USER_PATHS = NO;
				APPLICATION_EXTENSION_API_ONLY = YES;
				CLANG_ANALYZER_NONNULL = YES;
				CLANG_CXX_LANGUAGE_STANDARD = "gnu++0x";
				CLANG_CXX_LIBRARY = "libc++";
				CLANG_ENABLE_MODULES = YES;
				CLANG_ENABLE_OBJC_ARC = YES;
				CLANG_WARN_BOOL_CONVERSION = YES;
				CLANG_WARN_CONSTANT_CONVERSION = YES;
				CLANG_WARN_DIRECT_OBJC_ISA_USAGE = YES_ERROR;
				CLANG_WARN_EMPTY_BODY = YES;
				CLANG_WARN_ENUM_CONVERSION = YES;
				CLANG_WARN_INT_CONVERSION = YES;
				CLANG_WARN_OBJC_ROOT_CLASS = YES_ERROR;
				CLANG_WARN_UNREACHABLE_CODE = YES;
				CLANG_WARN__DUPLICATE_METHOD_MATCH = YES;
				"CODE_SIGN_IDENTITY[sdk=appletvos*]" = "";
				COPY_PHASE_STRIP = NO;
				CURRENT_PROJECT_VERSION = 1;
				DEBUG_INFORMATION_FORMAT = dwarf;
				DEFINES_MODULE = YES;
				DYLIB_COMPATIBILITY_VERSION = 1;
				DYLIB_CURRENT_VERSION = 1;
				DYLIB_INSTALL_NAME_BASE = "@rpath";
				ENABLE_STRICT_OBJC_MSGSEND = YES;
				ENABLE_TESTABILITY = YES;
				GCC_C_LANGUAGE_STANDARD = gnu99;
				GCC_DYNAMIC_NO_PIC = NO;
				GCC_NO_COMMON_BLOCKS = YES;
				GCC_OPTIMIZATION_LEVEL = 0;
				GCC_PREPROCESSOR_DEFINITIONS = (
					"DEBUG=1",
					"$(inherited)",
				);
				GCC_WARN_64_TO_32_BIT_CONVERSION = YES;
				GCC_WARN_ABOUT_RETURN_TYPE = YES_ERROR;
				GCC_WARN_UNDECLARED_SELECTOR = YES;
				GCC_WARN_UNINITIALIZED_AUTOS = YES_AGGRESSIVE;
				GCC_WARN_UNUSED_FUNCTION = YES;
				GCC_WARN_UNUSED_VARIABLE = YES;
				INFOPLIST_FILE = "Sources/Info-tvOS.plist";
				INSTALL_PATH = "$(LOCAL_LIBRARY_DIR)/Frameworks";
				LD_RUNPATH_SEARCH_PATHS = "$(inherited) @executable_path/Frameworks @loader_path/Frameworks";
				MTL_ENABLE_DEBUG_INFO = YES;
				ONLY_ACTIVE_ARCH = YES;
				PRODUCT_BUNDLE_IDENTIFIER = com.ustwo.MongoLabKit;
				PRODUCT_NAME = MongoLabKit;
				SDKROOT = appletvos;
				SKIP_INSTALL = YES;
				SWIFT_OPTIMIZATION_LEVEL = "-Onone";
				TARGETED_DEVICE_FAMILY = 3;
				TVOS_DEPLOYMENT_TARGET = 9.0;
				VERSIONING_SYSTEM = "apple-generic";
				VERSION_INFO_PREFIX = "";
			};
			name = Debug;
		};
		8180CA4D1CEBEB44008E3011 /* Release */ = {
			isa = XCBuildConfiguration;
			buildSettings = {
				ALWAYS_SEARCH_USER_PATHS = NO;
				APPLICATION_EXTENSION_API_ONLY = YES;
				CLANG_ANALYZER_NONNULL = YES;
				CLANG_CXX_LANGUAGE_STANDARD = "gnu++0x";
				CLANG_CXX_LIBRARY = "libc++";
				CLANG_ENABLE_MODULES = YES;
				CLANG_ENABLE_OBJC_ARC = YES;
				CLANG_WARN_BOOL_CONVERSION = YES;
				CLANG_WARN_CONSTANT_CONVERSION = YES;
				CLANG_WARN_DIRECT_OBJC_ISA_USAGE = YES_ERROR;
				CLANG_WARN_EMPTY_BODY = YES;
				CLANG_WARN_ENUM_CONVERSION = YES;
				CLANG_WARN_INT_CONVERSION = YES;
				CLANG_WARN_OBJC_ROOT_CLASS = YES_ERROR;
				CLANG_WARN_UNREACHABLE_CODE = YES;
				CLANG_WARN__DUPLICATE_METHOD_MATCH = YES;
				"CODE_SIGN_IDENTITY[sdk=appletvos*]" = "";
				COPY_PHASE_STRIP = NO;
				CURRENT_PROJECT_VERSION = 1;
				DEBUG_INFORMATION_FORMAT = "dwarf-with-dsym";
				DEFINES_MODULE = YES;
				DYLIB_COMPATIBILITY_VERSION = 1;
				DYLIB_CURRENT_VERSION = 1;
				DYLIB_INSTALL_NAME_BASE = "@rpath";
				ENABLE_NS_ASSERTIONS = NO;
				ENABLE_STRICT_OBJC_MSGSEND = YES;
				GCC_C_LANGUAGE_STANDARD = gnu99;
				GCC_NO_COMMON_BLOCKS = YES;
				GCC_WARN_64_TO_32_BIT_CONVERSION = YES;
				GCC_WARN_ABOUT_RETURN_TYPE = YES_ERROR;
				GCC_WARN_UNDECLARED_SELECTOR = YES;
				GCC_WARN_UNINITIALIZED_AUTOS = YES_AGGRESSIVE;
				GCC_WARN_UNUSED_FUNCTION = YES;
				GCC_WARN_UNUSED_VARIABLE = YES;
				INFOPLIST_FILE = "Sources/Info-tvOS.plist";
				INSTALL_PATH = "$(LOCAL_LIBRARY_DIR)/Frameworks";
				LD_RUNPATH_SEARCH_PATHS = "$(inherited) @executable_path/Frameworks @loader_path/Frameworks";
				MTL_ENABLE_DEBUG_INFO = NO;
				PRODUCT_BUNDLE_IDENTIFIER = com.ustwo.MongoLabKit;
				PRODUCT_NAME = MongoLabKit;
				SDKROOT = appletvos;
				SKIP_INSTALL = YES;
				TARGETED_DEVICE_FAMILY = 3;
				TVOS_DEPLOYMENT_TARGET = 9.0;
				VALIDATE_PRODUCT = YES;
				VERSIONING_SYSTEM = "apple-generic";
				VERSION_INFO_PREFIX = "";
			};
			name = Release;
		};
		8180CAC31CEBF39F008E3011 /* Debug */ = {
			isa = XCBuildConfiguration;
			buildSettings = {
				ALWAYS_SEARCH_USER_PATHS = NO;
				CLANG_ANALYZER_NONNULL = YES;
				CLANG_CXX_LANGUAGE_STANDARD = "gnu++0x";
				CLANG_CXX_LIBRARY = "libc++";
				CLANG_ENABLE_MODULES = YES;
				CLANG_ENABLE_OBJC_ARC = YES;
				CLANG_WARN_BOOL_CONVERSION = YES;
				CLANG_WARN_CONSTANT_CONVERSION = YES;
				CLANG_WARN_DIRECT_OBJC_ISA_USAGE = YES_ERROR;
				CLANG_WARN_EMPTY_BODY = YES;
				CLANG_WARN_ENUM_CONVERSION = YES;
				CLANG_WARN_INT_CONVERSION = YES;
				CLANG_WARN_OBJC_ROOT_CLASS = YES_ERROR;
				CLANG_WARN_UNREACHABLE_CODE = YES;
				CLANG_WARN__DUPLICATE_METHOD_MATCH = YES;
				"CODE_SIGN_IDENTITY[sdk=iphoneos*]" = "iPhone Developer";
				COPY_PHASE_STRIP = NO;
				DEBUG_INFORMATION_FORMAT = dwarf;
				ENABLE_STRICT_OBJC_MSGSEND = YES;
				ENABLE_TESTABILITY = YES;
				GCC_C_LANGUAGE_STANDARD = gnu99;
				GCC_DYNAMIC_NO_PIC = NO;
				GCC_NO_COMMON_BLOCKS = YES;
				GCC_OPTIMIZATION_LEVEL = 0;
				GCC_PREPROCESSOR_DEFINITIONS = (
					"DEBUG=1",
					"$(inherited)",
				);
				GCC_WARN_64_TO_32_BIT_CONVERSION = YES;
				GCC_WARN_ABOUT_RETURN_TYPE = YES_ERROR;
				GCC_WARN_UNDECLARED_SELECTOR = YES;
				GCC_WARN_UNINITIALIZED_AUTOS = YES_AGGRESSIVE;
				GCC_WARN_UNUSED_FUNCTION = YES;
				GCC_WARN_UNUSED_VARIABLE = YES;
				INFOPLIST_FILE = MongoLabKitTests/Info.plist;
				IPHONEOS_DEPLOYMENT_TARGET = 9.0;
				LD_RUNPATH_SEARCH_PATHS = "$(inherited) @executable_path/Frameworks @loader_path/Frameworks";
				MTL_ENABLE_DEBUG_INFO = YES;
				ONLY_ACTIVE_ARCH = YES;
				PRODUCT_BUNDLE_IDENTIFIER = com.ustwo.MongoLabKitTests;
				PRODUCT_NAME = "$(TARGET_NAME)";
				SDKROOT = iphoneos;
				SWIFT_OPTIMIZATION_LEVEL = "-Onone";
			};
			name = Debug;
		};
		8180CAC41CEBF39F008E3011 /* Release */ = {
			isa = XCBuildConfiguration;
			buildSettings = {
				ALWAYS_SEARCH_USER_PATHS = NO;
				CLANG_ANALYZER_NONNULL = YES;
				CLANG_CXX_LANGUAGE_STANDARD = "gnu++0x";
				CLANG_CXX_LIBRARY = "libc++";
				CLANG_ENABLE_MODULES = YES;
				CLANG_ENABLE_OBJC_ARC = YES;
				CLANG_WARN_BOOL_CONVERSION = YES;
				CLANG_WARN_CONSTANT_CONVERSION = YES;
				CLANG_WARN_DIRECT_OBJC_ISA_USAGE = YES_ERROR;
				CLANG_WARN_EMPTY_BODY = YES;
				CLANG_WARN_ENUM_CONVERSION = YES;
				CLANG_WARN_INT_CONVERSION = YES;
				CLANG_WARN_OBJC_ROOT_CLASS = YES_ERROR;
				CLANG_WARN_UNREACHABLE_CODE = YES;
				CLANG_WARN__DUPLICATE_METHOD_MATCH = YES;
				"CODE_SIGN_IDENTITY[sdk=iphoneos*]" = "iPhone Developer";
				COPY_PHASE_STRIP = NO;
				DEBUG_INFORMATION_FORMAT = "dwarf-with-dsym";
				ENABLE_NS_ASSERTIONS = NO;
				ENABLE_STRICT_OBJC_MSGSEND = YES;
				GCC_C_LANGUAGE_STANDARD = gnu99;
				GCC_NO_COMMON_BLOCKS = YES;
				GCC_WARN_64_TO_32_BIT_CONVERSION = YES;
				GCC_WARN_ABOUT_RETURN_TYPE = YES_ERROR;
				GCC_WARN_UNDECLARED_SELECTOR = YES;
				GCC_WARN_UNINITIALIZED_AUTOS = YES_AGGRESSIVE;
				GCC_WARN_UNUSED_FUNCTION = YES;
				GCC_WARN_UNUSED_VARIABLE = YES;
				INFOPLIST_FILE = MongoLabKitTests/Info.plist;
				IPHONEOS_DEPLOYMENT_TARGET = 9.0;
				LD_RUNPATH_SEARCH_PATHS = "$(inherited) @executable_path/Frameworks @loader_path/Frameworks";
				MTL_ENABLE_DEBUG_INFO = NO;
				PRODUCT_BUNDLE_IDENTIFIER = com.ustwo.MongoLabKitTests;
				PRODUCT_NAME = "$(TARGET_NAME)";
				SDKROOT = iphoneos;
				VALIDATE_PRODUCT = YES;
			};
			name = Release;
		};
		819ECB221CEEC89F000AB899 /* Debug */ = {
			isa = XCBuildConfiguration;
			buildSettings = {
				ALWAYS_SEARCH_USER_PATHS = NO;
				ASSETCATALOG_COMPILER_APPICON_NAME = AppIcon;
				CLANG_ANALYZER_NONNULL = YES;
				CLANG_CXX_LANGUAGE_STANDARD = "gnu++0x";
				CLANG_CXX_LIBRARY = "libc++";
				CLANG_ENABLE_MODULES = YES;
				CLANG_ENABLE_OBJC_ARC = YES;
				CLANG_WARN_BOOL_CONVERSION = YES;
				CLANG_WARN_CONSTANT_CONVERSION = YES;
				CLANG_WARN_DIRECT_OBJC_ISA_USAGE = YES_ERROR;
				CLANG_WARN_EMPTY_BODY = YES;
				CLANG_WARN_ENUM_CONVERSION = YES;
				CLANG_WARN_INT_CONVERSION = YES;
				CLANG_WARN_OBJC_ROOT_CLASS = YES_ERROR;
				CLANG_WARN_UNREACHABLE_CODE = YES;
				CLANG_WARN__DUPLICATE_METHOD_MATCH = YES;
				"CODE_SIGN_IDENTITY[sdk=iphoneos*]" = "iPhone Developer";
				COPY_PHASE_STRIP = NO;
				DEBUG_INFORMATION_FORMAT = dwarf;
				ENABLE_STRICT_OBJC_MSGSEND = YES;
				ENABLE_TESTABILITY = YES;
				GCC_C_LANGUAGE_STANDARD = gnu99;
				GCC_DYNAMIC_NO_PIC = NO;
				GCC_NO_COMMON_BLOCKS = YES;
				GCC_OPTIMIZATION_LEVEL = 0;
				GCC_PREPROCESSOR_DEFINITIONS = (
					"DEBUG=1",
					"$(inherited)",
				);
				GCC_WARN_64_TO_32_BIT_CONVERSION = YES;
				GCC_WARN_ABOUT_RETURN_TYPE = YES_ERROR;
				GCC_WARN_UNDECLARED_SELECTOR = YES;
				GCC_WARN_UNINITIALIZED_AUTOS = YES_AGGRESSIVE;
				GCC_WARN_UNUSED_FUNCTION = YES;
				GCC_WARN_UNUSED_VARIABLE = YES;
				INFOPLIST_FILE = MongoLabKitExamples/Info.plist;
				IPHONEOS_DEPLOYMENT_TARGET = 9.3;
				LD_RUNPATH_SEARCH_PATHS = "$(inherited) @executable_path/Frameworks";
				MTL_ENABLE_DEBUG_INFO = YES;
				ONLY_ACTIVE_ARCH = YES;
				PRODUCT_BUNDLE_IDENTIFIER = com.ustwo.MongoLabKitExamples;
				PRODUCT_NAME = "$(TARGET_NAME)";
				SDKROOT = iphoneos;
				SWIFT_OPTIMIZATION_LEVEL = "-Onone";
				SWIFT_VERSION = 3.0;
			};
			name = Debug;
		};
		819ECB231CEEC89F000AB899 /* Release */ = {
			isa = XCBuildConfiguration;
			buildSettings = {
				ALWAYS_SEARCH_USER_PATHS = NO;
				ASSETCATALOG_COMPILER_APPICON_NAME = AppIcon;
				CLANG_ANALYZER_NONNULL = YES;
				CLANG_CXX_LANGUAGE_STANDARD = "gnu++0x";
				CLANG_CXX_LIBRARY = "libc++";
				CLANG_ENABLE_MODULES = YES;
				CLANG_ENABLE_OBJC_ARC = YES;
				CLANG_WARN_BOOL_CONVERSION = YES;
				CLANG_WARN_CONSTANT_CONVERSION = YES;
				CLANG_WARN_DIRECT_OBJC_ISA_USAGE = YES_ERROR;
				CLANG_WARN_EMPTY_BODY = YES;
				CLANG_WARN_ENUM_CONVERSION = YES;
				CLANG_WARN_INT_CONVERSION = YES;
				CLANG_WARN_OBJC_ROOT_CLASS = YES_ERROR;
				CLANG_WARN_UNREACHABLE_CODE = YES;
				CLANG_WARN__DUPLICATE_METHOD_MATCH = YES;
				"CODE_SIGN_IDENTITY[sdk=iphoneos*]" = "iPhone Developer";
				COPY_PHASE_STRIP = NO;
				DEBUG_INFORMATION_FORMAT = "dwarf-with-dsym";
				ENABLE_NS_ASSERTIONS = NO;
				ENABLE_STRICT_OBJC_MSGSEND = YES;
				GCC_C_LANGUAGE_STANDARD = gnu99;
				GCC_NO_COMMON_BLOCKS = YES;
				GCC_WARN_64_TO_32_BIT_CONVERSION = YES;
				GCC_WARN_ABOUT_RETURN_TYPE = YES_ERROR;
				GCC_WARN_UNDECLARED_SELECTOR = YES;
				GCC_WARN_UNINITIALIZED_AUTOS = YES_AGGRESSIVE;
				GCC_WARN_UNUSED_FUNCTION = YES;
				GCC_WARN_UNUSED_VARIABLE = YES;
				INFOPLIST_FILE = MongoLabKitExamples/Info.plist;
				IPHONEOS_DEPLOYMENT_TARGET = 9.3;
				LD_RUNPATH_SEARCH_PATHS = "$(inherited) @executable_path/Frameworks";
				MTL_ENABLE_DEBUG_INFO = NO;
				PRODUCT_BUNDLE_IDENTIFIER = com.ustwo.MongoLabKitExamples;
				PRODUCT_NAME = "$(TARGET_NAME)";
				SDKROOT = iphoneos;
				SWIFT_VERSION = 3.0;
				VALIDATE_PRODUCT = YES;
			};
			name = Release;
		};
/* End XCBuildConfiguration section */

/* Begin XCConfigurationList section */
		8180CA231CEBEA71008E3011 /* Build configuration list for PBXProject "MongoLabKit" */ = {
			isa = XCConfigurationList;
			buildConfigurations = (
				8180CA241CEBEA71008E3011 /* Debug */,
				8180CA251CEBEA71008E3011 /* Release */,
			);
			defaultConfigurationIsVisible = 0;
			defaultConfigurationName = Release;
		};
		8180CA311CEBEB12008E3011 /* Build configuration list for PBXNativeTarget "MongoLabKit iOS" */ = {
			isa = XCConfigurationList;
			buildConfigurations = (
				8180CA321CEBEB12008E3011 /* Debug */,
				8180CA331CEBEB12008E3011 /* Release */,
			);
			defaultConfigurationIsVisible = 0;
			defaultConfigurationName = Release;
		};
		8180CA3E1CEBEB39008E3011 /* Build configuration list for PBXNativeTarget "MongoLabKit watchOS" */ = {
			isa = XCConfigurationList;
			buildConfigurations = (
				8180CA3F1CEBEB39008E3011 /* Debug */,
				8180CA401CEBEB39008E3011 /* Release */,
			);
			defaultConfigurationIsVisible = 0;
			defaultConfigurationName = Release;
		};
		8180CA4B1CEBEB44008E3011 /* Build configuration list for PBXNativeTarget "MongoLabKit tvOS" */ = {
			isa = XCConfigurationList;
			buildConfigurations = (
				8180CA4C1CEBEB44008E3011 /* Debug */,
				8180CA4D1CEBEB44008E3011 /* Release */,
			);
			defaultConfigurationIsVisible = 0;
			defaultConfigurationName = Release;
		};
		8180CAC21CEBF39F008E3011 /* Build configuration list for PBXNativeTarget "MongoLabKitTests" */ = {
			isa = XCConfigurationList;
			buildConfigurations = (
				8180CAC31CEBF39F008E3011 /* Debug */,
				8180CAC41CEBF39F008E3011 /* Release */,
			);
			defaultConfigurationIsVisible = 0;
			defaultConfigurationName = Release;
		};
		819ECB241CEEC89F000AB899 /* Build configuration list for PBXNativeTarget "MongoLabKitExamples" */ = {
			isa = XCConfigurationList;
			buildConfigurations = (
				819ECB221CEEC89F000AB899 /* Debug */,
				819ECB231CEEC89F000AB899 /* Release */,
			);
			defaultConfigurationIsVisible = 0;
			defaultConfigurationName = Release;
		};
/* End XCConfigurationList section */
	};
	rootObject = 8180CA201CEBEA71008E3011 /* Project object */;
}
