// !$*UTF8*$!
{
	archiveVersion = 1;
	classes = {
	};
	objectVersion = 46;
	objects = {

/* Begin PBXBuildFile section */
		8180CA2F1CEBEB12008E3011 /* SwiftMongoLabKit.h in Headers */ = {isa = PBXBuildFile; fileRef = 8180CA2E1CEBEB12008E3011 /* SwiftMongoLabKit.h */; settings = {ATTRIBUTES = (Public, ); }; };
		8180CA531CEBED05008E3011 /* SwiftMongoLabKit.h in Headers */ = {isa = PBXBuildFile; fileRef = 8180CA2E1CEBEB12008E3011 /* SwiftMongoLabKit.h */; settings = {ATTRIBUTES = (Public, ); }; };
		8180CA541CEBED06008E3011 /* SwiftMongoLabKit.h in Headers */ = {isa = PBXBuildFile; fileRef = 8180CA2E1CEBEB12008E3011 /* SwiftMongoLabKit.h */; settings = {ATTRIBUTES = (Public, ); }; };
		8180CA601CEBEEE4008E3011 /* ErrorDescribable.swift in Sources */ = {isa = PBXBuildFile; fileRef = 8180CA591CEBEEE4008E3011 /* ErrorDescribable.swift */; };
		8180CA611CEBEEE4008E3011 /* ErrorDescribable.swift in Sources */ = {isa = PBXBuildFile; fileRef = 8180CA591CEBEEE4008E3011 /* ErrorDescribable.swift */; };
		8180CA621CEBEEE4008E3011 /* ErrorDescribable.swift in Sources */ = {isa = PBXBuildFile; fileRef = 8180CA591CEBEEE4008E3011 /* ErrorDescribable.swift */; };
		8180CA631CEBEEE4008E3011 /* MongoLabClient.swift in Sources */ = {isa = PBXBuildFile; fileRef = 8180CA5A1CEBEEE4008E3011 /* MongoLabClient.swift */; };
		8180CA641CEBEEE4008E3011 /* MongoLabClient.swift in Sources */ = {isa = PBXBuildFile; fileRef = 8180CA5A1CEBEEE4008E3011 /* MongoLabClient.swift */; };
		8180CA651CEBEEE4008E3011 /* MongoLabClient.swift in Sources */ = {isa = PBXBuildFile; fileRef = 8180CA5A1CEBEEE4008E3011 /* MongoLabClient.swift */; };
		8180CA661CEBEEE4008E3011 /* MongoLabConfiguration.swift in Sources */ = {isa = PBXBuildFile; fileRef = 8180CA5B1CEBEEE4008E3011 /* MongoLabConfiguration.swift */; };
		8180CA671CEBEEE4008E3011 /* MongoLabConfiguration.swift in Sources */ = {isa = PBXBuildFile; fileRef = 8180CA5B1CEBEEE4008E3011 /* MongoLabConfiguration.swift */; };
		8180CA681CEBEEE4008E3011 /* MongoLabConfiguration.swift in Sources */ = {isa = PBXBuildFile; fileRef = 8180CA5B1CEBEEE4008E3011 /* MongoLabConfiguration.swift */; };
		8180CA691CEBEEE4008E3011 /* MongoLabError.swift in Sources */ = {isa = PBXBuildFile; fileRef = 8180CA5C1CEBEEE4008E3011 /* MongoLabError.swift */; };
		8180CA6A1CEBEEE4008E3011 /* MongoLabError.swift in Sources */ = {isa = PBXBuildFile; fileRef = 8180CA5C1CEBEEE4008E3011 /* MongoLabError.swift */; };
		8180CA6B1CEBEEE4008E3011 /* MongoLabError.swift in Sources */ = {isa = PBXBuildFile; fileRef = 8180CA5C1CEBEEE4008E3011 /* MongoLabError.swift */; };
		8180CA6C1CEBEEE4008E3011 /* MongoLabErrorParser.swift in Sources */ = {isa = PBXBuildFile; fileRef = 8180CA5D1CEBEEE4008E3011 /* MongoLabErrorParser.swift */; };
		8180CA6D1CEBEEE4008E3011 /* MongoLabErrorParser.swift in Sources */ = {isa = PBXBuildFile; fileRef = 8180CA5D1CEBEEE4008E3011 /* MongoLabErrorParser.swift */; };
		8180CA6E1CEBEEE4008E3011 /* MongoLabErrorParser.swift in Sources */ = {isa = PBXBuildFile; fileRef = 8180CA5D1CEBEEE4008E3011 /* MongoLabErrorParser.swift */; };
		8180CA6F1CEBEEE4008E3011 /* MongoLabResponseParser.swift in Sources */ = {isa = PBXBuildFile; fileRef = 8180CA5E1CEBEEE4008E3011 /* MongoLabResponseParser.swift */; };
		8180CA701CEBEEE4008E3011 /* MongoLabResponseParser.swift in Sources */ = {isa = PBXBuildFile; fileRef = 8180CA5E1CEBEEE4008E3011 /* MongoLabResponseParser.swift */; };
		8180CA711CEBEEE4008E3011 /* MongoLabResponseParser.swift in Sources */ = {isa = PBXBuildFile; fileRef = 8180CA5E1CEBEEE4008E3011 /* MongoLabResponseParser.swift */; };
		8180CA721CEBEEE4008E3011 /* MongoLabURLRequest.swift in Sources */ = {isa = PBXBuildFile; fileRef = 8180CA5F1CEBEEE4008E3011 /* MongoLabURLRequest.swift */; };
		8180CA731CEBEEE4008E3011 /* MongoLabURLRequest.swift in Sources */ = {isa = PBXBuildFile; fileRef = 8180CA5F1CEBEEE4008E3011 /* MongoLabURLRequest.swift */; };
		8180CA741CEBEEE4008E3011 /* MongoLabURLRequest.swift in Sources */ = {isa = PBXBuildFile; fileRef = 8180CA5F1CEBEEE4008E3011 /* MongoLabURLRequest.swift */; };
		8180CABF1CEBF39F008E3011 /* SwiftMongoLabKit.framework in Frameworks */ = {isa = PBXBuildFile; fileRef = 8180CA2B1CEBEB12008E3011 /* SwiftMongoLabKit.framework */; };
		8180CAC51CEBF3B3008E3011 /* SwiftMongoLabKitTests.swift in Sources */ = {isa = PBXBuildFile; fileRef = 8180CABC1CEBF39F008E3011 /* SwiftMongoLabKitTests.swift */; };
/* End PBXBuildFile section */

/* Begin PBXContainerItemProxy section */
		8180CAC01CEBF39F008E3011 /* PBXContainerItemProxy */ = {
			isa = PBXContainerItemProxy;
			containerPortal = 8180CA201CEBEA71008E3011 /* Project object */;
			proxyType = 1;
			remoteGlobalIDString = 8180CA2A1CEBEB12008E3011;
			remoteInfo = "SwiftMongoLabKit iOS";
		};
/* End PBXContainerItemProxy section */

/* Begin PBXFileReference section */
		8180CA2B1CEBEB12008E3011 /* SwiftMongoLabKit.framework */ = {isa = PBXFileReference; explicitFileType = wrapper.framework; includeInIndex = 0; path = SwiftMongoLabKit.framework; sourceTree = BUILT_PRODUCTS_DIR; };
		8180CA2E1CEBEB12008E3011 /* SwiftMongoLabKit.h */ = {isa = PBXFileReference; lastKnownFileType = sourcecode.c.h; name = SwiftMongoLabKit.h; path = Sources/SwiftMongoLabKit.h; sourceTree = "<group>"; };
		8180CA391CEBEB39008E3011 /* SwiftMongoLabKit.framework */ = {isa = PBXFileReference; explicitFileType = wrapper.framework; includeInIndex = 0; path = SwiftMongoLabKit.framework; sourceTree = BUILT_PRODUCTS_DIR; };
		8180CA461CEBEB44008E3011 /* SwiftMongoLabKit.framework */ = {isa = PBXFileReference; explicitFileType = wrapper.framework; includeInIndex = 0; path = SwiftMongoLabKit.framework; sourceTree = BUILT_PRODUCTS_DIR; };
		8180CA501CEBEBE7008E3011 /* Info-iOS.plist */ = {isa = PBXFileReference; lastKnownFileType = text.plist.xml; name = "Info-iOS.plist"; path = "Sources/Info-iOS.plist"; sourceTree = "<group>"; };
		8180CA511CEBEBE7008E3011 /* Info-tvOS.plist */ = {isa = PBXFileReference; lastKnownFileType = text.plist.xml; name = "Info-tvOS.plist"; path = "Sources/Info-tvOS.plist"; sourceTree = "<group>"; };
		8180CA521CEBEBE7008E3011 /* Info-watchOS.plist */ = {isa = PBXFileReference; lastKnownFileType = text.plist.xml; name = "Info-watchOS.plist"; path = "Sources/Info-watchOS.plist"; sourceTree = "<group>"; };
		8180CA561CEBEEB8008E3011 /* LICENSE */ = {isa = PBXFileReference; lastKnownFileType = text; name = LICENSE; path = ../LICENSE; sourceTree = "<group>"; };
		8180CA571CEBEEB8008E3011 /* README.md */ = {isa = PBXFileReference; lastKnownFileType = net.daringfireball.markdown; name = README.md; path = ../README.md; sourceTree = "<group>"; };
		8180CA591CEBEEE4008E3011 /* ErrorDescribable.swift */ = {isa = PBXFileReference; fileEncoding = 4; lastKnownFileType = sourcecode.swift; name = ErrorDescribable.swift; path = Sources/Classes/ErrorDescribable.swift; sourceTree = "<group>"; };
		8180CA5A1CEBEEE4008E3011 /* MongoLabClient.swift */ = {isa = PBXFileReference; fileEncoding = 4; lastKnownFileType = sourcecode.swift; name = MongoLabClient.swift; path = Sources/Classes/MongoLabClient.swift; sourceTree = "<group>"; };
		8180CA5B1CEBEEE4008E3011 /* MongoLabConfiguration.swift */ = {isa = PBXFileReference; fileEncoding = 4; lastKnownFileType = sourcecode.swift; name = MongoLabConfiguration.swift; path = Sources/Classes/MongoLabConfiguration.swift; sourceTree = "<group>"; };
		8180CA5C1CEBEEE4008E3011 /* MongoLabError.swift */ = {isa = PBXFileReference; fileEncoding = 4; lastKnownFileType = sourcecode.swift; name = MongoLabError.swift; path = Sources/Classes/MongoLabError.swift; sourceTree = "<group>"; };
		8180CA5D1CEBEEE4008E3011 /* MongoLabErrorParser.swift */ = {isa = PBXFileReference; fileEncoding = 4; lastKnownFileType = sourcecode.swift; name = MongoLabErrorParser.swift; path = Sources/Classes/MongoLabErrorParser.swift; sourceTree = "<group>"; };
		8180CA5E1CEBEEE4008E3011 /* MongoLabResponseParser.swift */ = {isa = PBXFileReference; fileEncoding = 4; lastKnownFileType = sourcecode.swift; name = MongoLabResponseParser.swift; path = Sources/Classes/MongoLabResponseParser.swift; sourceTree = "<group>"; };
		8180CA5F1CEBEEE4008E3011 /* MongoLabURLRequest.swift */ = {isa = PBXFileReference; fileEncoding = 4; lastKnownFileType = sourcecode.swift; name = MongoLabURLRequest.swift; path = Sources/Classes/MongoLabURLRequest.swift; sourceTree = "<group>"; };
		8180CABA1CEBF39F008E3011 /* SwiftMongoLabKitTests.xctest */ = {isa = PBXFileReference; explicitFileType = wrapper.cfbundle; includeInIndex = 0; path = SwiftMongoLabKitTests.xctest; sourceTree = BUILT_PRODUCTS_DIR; };
		8180CABC1CEBF39F008E3011 /* SwiftMongoLabKitTests.swift */ = {isa = PBXFileReference; lastKnownFileType = sourcecode.swift; path = SwiftMongoLabKitTests.swift; sourceTree = "<group>"; };
		8180CABE1CEBF39F008E3011 /* Info.plist */ = {isa = PBXFileReference; lastKnownFileType = text.plist.xml; path = Info.plist; sourceTree = "<group>"; };
/* End PBXFileReference section */

/* Begin PBXFrameworksBuildPhase section */
		8180CA271CEBEB12008E3011 /* Frameworks */ = {
			isa = PBXFrameworksBuildPhase;
			buildActionMask = 2147483647;
			files = (
			);
			runOnlyForDeploymentPostprocessing = 0;
		};
		8180CA351CEBEB39008E3011 /* Frameworks */ = {
			isa = PBXFrameworksBuildPhase;
			buildActionMask = 2147483647;
			files = (
			);
			runOnlyForDeploymentPostprocessing = 0;
		};
		8180CA421CEBEB44008E3011 /* Frameworks */ = {
			isa = PBXFrameworksBuildPhase;
			buildActionMask = 2147483647;
			files = (
			);
			runOnlyForDeploymentPostprocessing = 0;
		};
		8180CAB71CEBF39F008E3011 /* Frameworks */ = {
			isa = PBXFrameworksBuildPhase;
			buildActionMask = 2147483647;
			files = (
				8180CABF1CEBF39F008E3011 /* SwiftMongoLabKit.framework in Frameworks */,
			);
			runOnlyForDeploymentPostprocessing = 0;
		};
/* End PBXFrameworksBuildPhase section */

/* Begin PBXGroup section */
		8180CA1F1CEBEA71008E3011 = {
			isa = PBXGroup;
			children = (
				8180CA551CEBEE8E008E3011 /* Metadata */,
				8180CA4F1CEBEBD8008E3011 /* Sources */,
				8180CABB1CEBF39F008E3011 /* SwiftMongoLabKitTests */,
				8180CA2C1CEBEB12008E3011 /* Products */,
			);
			sourceTree = "<group>";
		};
		8180CA2C1CEBEB12008E3011 /* Products */ = {
			isa = PBXGroup;
			children = (
				8180CA2B1CEBEB12008E3011 /* SwiftMongoLabKit.framework */,
				8180CA391CEBEB39008E3011 /* SwiftMongoLabKit.framework */,
				8180CA461CEBEB44008E3011 /* SwiftMongoLabKit.framework */,
				8180CABA1CEBF39F008E3011 /* SwiftMongoLabKitTests.xctest */,
			);
			name = Products;
			sourceTree = "<group>";
		};
		8180CA4F1CEBEBD8008E3011 /* Sources */ = {
			isa = PBXGroup;
			children = (
				8180CA581CEBEEC6008E3011 /* Classes */,
				8180CA501CEBEBE7008E3011 /* Info-iOS.plist */,
				8180CA511CEBEBE7008E3011 /* Info-tvOS.plist */,
				8180CA521CEBEBE7008E3011 /* Info-watchOS.plist */,
				8180CA2E1CEBEB12008E3011 /* SwiftMongoLabKit.h */,
			);
			name = Sources;
			sourceTree = "<group>";
		};
		8180CA551CEBEE8E008E3011 /* Metadata */ = {
			isa = PBXGroup;
			children = (
				8180CA561CEBEEB8008E3011 /* LICENSE */,
				8180CA571CEBEEB8008E3011 /* README.md */,
			);
			name = Metadata;
			sourceTree = "<group>";
		};
		8180CA581CEBEEC6008E3011 /* Classes */ = {
			isa = PBXGroup;
			children = (
				8180CA591CEBEEE4008E3011 /* ErrorDescribable.swift */,
				8180CA5A1CEBEEE4008E3011 /* MongoLabClient.swift */,
				8180CA5B1CEBEEE4008E3011 /* MongoLabConfiguration.swift */,
				8180CA5C1CEBEEE4008E3011 /* MongoLabError.swift */,
				8180CA5D1CEBEEE4008E3011 /* MongoLabErrorParser.swift */,
				8180CA5E1CEBEEE4008E3011 /* MongoLabResponseParser.swift */,
				8180CA5F1CEBEEE4008E3011 /* MongoLabURLRequest.swift */,
			);
			name = Classes;
			sourceTree = "<group>";
		};
		8180CABB1CEBF39F008E3011 /* SwiftMongoLabKitTests */ = {
			isa = PBXGroup;
			children = (
				8180CABC1CEBF39F008E3011 /* SwiftMongoLabKitTests.swift */,
				8180CABE1CEBF39F008E3011 /* Info.plist */,
			);
			path = SwiftMongoLabKitTests;
			sourceTree = "<group>";
		};
/* End PBXGroup section */

/* Begin PBXHeadersBuildPhase section */
		8180CA281CEBEB12008E3011 /* Headers */ = {
			isa = PBXHeadersBuildPhase;
			buildActionMask = 2147483647;
			files = (
				8180CA2F1CEBEB12008E3011 /* SwiftMongoLabKit.h in Headers */,
			);
			runOnlyForDeploymentPostprocessing = 0;
		};
		8180CA361CEBEB39008E3011 /* Headers */ = {
			isa = PBXHeadersBuildPhase;
			buildActionMask = 2147483647;
			files = (
				8180CA531CEBED05008E3011 /* SwiftMongoLabKit.h in Headers */,
			);
			runOnlyForDeploymentPostprocessing = 0;
		};
		8180CA431CEBEB44008E3011 /* Headers */ = {
			isa = PBXHeadersBuildPhase;
			buildActionMask = 2147483647;
			files = (
				8180CA541CEBED06008E3011 /* SwiftMongoLabKit.h in Headers */,
			);
			runOnlyForDeploymentPostprocessing = 0;
		};
/* End PBXHeadersBuildPhase section */

/* Begin PBXNativeTarget section */
		8180CA2A1CEBEB12008E3011 /* SwiftMongoLabKit iOS */ = {
			isa = PBXNativeTarget;
			buildConfigurationList = 8180CA311CEBEB12008E3011 /* Build configuration list for PBXNativeTarget "SwiftMongoLabKit iOS" */;
			buildPhases = (
				8180CA261CEBEB12008E3011 /* Sources */,
				8180CA271CEBEB12008E3011 /* Frameworks */,
				8180CA281CEBEB12008E3011 /* Headers */,
				8180CA291CEBEB12008E3011 /* Resources */,
			);
			buildRules = (
			);
			dependencies = (
			);
			name = "SwiftMongoLabKit iOS";
			productName = "SwiftMongoLabKit iOS";
			productReference = 8180CA2B1CEBEB12008E3011 /* SwiftMongoLabKit.framework */;
			productType = "com.apple.product-type.framework";
		};
		8180CA381CEBEB39008E3011 /* SwiftMongoLabKit watchOS */ = {
			isa = PBXNativeTarget;
			buildConfigurationList = 8180CA3E1CEBEB39008E3011 /* Build configuration list for PBXNativeTarget "SwiftMongoLabKit watchOS" */;
			buildPhases = (
				8180CA341CEBEB39008E3011 /* Sources */,
				8180CA351CEBEB39008E3011 /* Frameworks */,
				8180CA361CEBEB39008E3011 /* Headers */,
				8180CA371CEBEB39008E3011 /* Resources */,
			);
			buildRules = (
			);
			dependencies = (
			);
			name = "SwiftMongoLabKit watchOS";
			productName = "SwiftMongoLabKit watchOS";
			productReference = 8180CA391CEBEB39008E3011 /* SwiftMongoLabKit.framework */;
			productType = "com.apple.product-type.framework";
		};
		8180CA451CEBEB44008E3011 /* SwiftMongoLabKit tvOS */ = {
			isa = PBXNativeTarget;
			buildConfigurationList = 8180CA4B1CEBEB44008E3011 /* Build configuration list for PBXNativeTarget "SwiftMongoLabKit tvOS" */;
			buildPhases = (
				8180CA411CEBEB44008E3011 /* Sources */,
				8180CA421CEBEB44008E3011 /* Frameworks */,
				8180CA431CEBEB44008E3011 /* Headers */,
				8180CA441CEBEB44008E3011 /* Resources */,
			);
			buildRules = (
			);
			dependencies = (
			);
			name = "SwiftMongoLabKit tvOS";
			productName = "SwiftMongoLabKit tvOS";
			productReference = 8180CA461CEBEB44008E3011 /* SwiftMongoLabKit.framework */;
			productType = "com.apple.product-type.framework";
		};
		8180CAB91CEBF39F008E3011 /* SwiftMongoLabKitTests */ = {
			isa = PBXNativeTarget;
			buildConfigurationList = 8180CAC21CEBF39F008E3011 /* Build configuration list for PBXNativeTarget "SwiftMongoLabKitTests" */;
			buildPhases = (
				8180CAB61CEBF39F008E3011 /* Sources */,
				8180CAB71CEBF39F008E3011 /* Frameworks */,
				8180CAB81CEBF39F008E3011 /* Resources */,
			);
			buildRules = (
			);
			dependencies = (
				8180CAC11CEBF39F008E3011 /* PBXTargetDependency */,
			);
			name = SwiftMongoLabKitTests;
			productName = SwiftMongoLabKitTests;
			productReference = 8180CABA1CEBF39F008E3011 /* SwiftMongoLabKitTests.xctest */;
			productType = "com.apple.product-type.bundle.unit-test";
		};
/* End PBXNativeTarget section */

/* Begin PBXProject section */
		8180CA201CEBEA71008E3011 /* Project object */ = {
			isa = PBXProject;
			attributes = {
				LastSwiftUpdateCheck = 0730;
				LastUpgradeCheck = 0730;
				TargetAttributes = {
					8180CA2A1CEBEB12008E3011 = {
						CreatedOnToolsVersion = 7.3.1;
					};
					8180CA381CEBEB39008E3011 = {
						CreatedOnToolsVersion = 7.3.1;
					};
					8180CA451CEBEB44008E3011 = {
						CreatedOnToolsVersion = 7.3.1;
					};
					8180CAB91CEBF39F008E3011 = {
						CreatedOnToolsVersion = 7.3.1;
					};
				};
			};
			buildConfigurationList = 8180CA231CEBEA71008E3011 /* Build configuration list for PBXProject "SwiftMongoLabKit" */;
			compatibilityVersion = "Xcode 3.2";
			developmentRegion = English;
			hasScannedForEncodings = 0;
			knownRegions = (
				en,
			);
			mainGroup = 8180CA1F1CEBEA71008E3011;
			productRefGroup = 8180CA2C1CEBEB12008E3011 /* Products */;
			projectDirPath = "";
			projectRoot = "";
			targets = (
				8180CA2A1CEBEB12008E3011 /* SwiftMongoLabKit iOS */,
				8180CA381CEBEB39008E3011 /* SwiftMongoLabKit watchOS */,
				8180CA451CEBEB44008E3011 /* SwiftMongoLabKit tvOS */,
				8180CAB91CEBF39F008E3011 /* SwiftMongoLabKitTests */,
			);
		};
/* End PBXProject section */

/* Begin PBXResourcesBuildPhase section */
		8180CA291CEBEB12008E3011 /* Resources */ = {
			isa = PBXResourcesBuildPhase;
			buildActionMask = 2147483647;
			files = (
			);
			runOnlyForDeploymentPostprocessing = 0;
		};
		8180CA371CEBEB39008E3011 /* Resources */ = {
			isa = PBXResourcesBuildPhase;
			buildActionMask = 2147483647;
			files = (
			);
			runOnlyForDeploymentPostprocessing = 0;
		};
		8180CA441CEBEB44008E3011 /* Resources */ = {
			isa = PBXResourcesBuildPhase;
			buildActionMask = 2147483647;
			files = (
			);
			runOnlyForDeploymentPostprocessing = 0;
		};
		8180CAB81CEBF39F008E3011 /* Resources */ = {
			isa = PBXResourcesBuildPhase;
			buildActionMask = 2147483647;
			files = (
			);
			runOnlyForDeploymentPostprocessing = 0;
		};
/* End PBXResourcesBuildPhase section */

/* Begin PBXSourcesBuildPhase section */
		8180CA261CEBEB12008E3011 /* Sources */ = {
			isa = PBXSourcesBuildPhase;
			buildActionMask = 2147483647;
			files = (
				8180CA601CEBEEE4008E3011 /* ErrorDescribable.swift in Sources */,
				8180CA6C1CEBEEE4008E3011 /* MongoLabErrorParser.swift in Sources */,
				8180CA721CEBEEE4008E3011 /* MongoLabURLRequest.swift in Sources */,
				8180CA631CEBEEE4008E3011 /* MongoLabClient.swift in Sources */,
				8180CA661CEBEEE4008E3011 /* MongoLabConfiguration.swift in Sources */,
				8180CA6F1CEBEEE4008E3011 /* MongoLabResponseParser.swift in Sources */,
				8180CA691CEBEEE4008E3011 /* MongoLabError.swift in Sources */,
			);
			runOnlyForDeploymentPostprocessing = 0;
		};
		8180CA341CEBEB39008E3011 /* Sources */ = {
			isa = PBXSourcesBuildPhase;
			buildActionMask = 2147483647;
			files = (
				8180CA611CEBEEE4008E3011 /* ErrorDescribable.swift in Sources */,
				8180CA6D1CEBEEE4008E3011 /* MongoLabErrorParser.swift in Sources */,
				8180CA731CEBEEE4008E3011 /* MongoLabURLRequest.swift in Sources */,
				8180CA641CEBEEE4008E3011 /* MongoLabClient.swift in Sources */,
				8180CA671CEBEEE4008E3011 /* MongoLabConfiguration.swift in Sources */,
				8180CA701CEBEEE4008E3011 /* MongoLabResponseParser.swift in Sources */,
				8180CA6A1CEBEEE4008E3011 /* MongoLabError.swift in Sources */,
			);
			runOnlyForDeploymentPostprocessing = 0;
		};
		8180CA411CEBEB44008E3011 /* Sources */ = {
			isa = PBXSourcesBuildPhase;
			buildActionMask = 2147483647;
			files = (
				8180CA621CEBEEE4008E3011 /* ErrorDescribable.swift in Sources */,
				8180CA6E1CEBEEE4008E3011 /* MongoLabErrorParser.swift in Sources */,
				8180CA741CEBEEE4008E3011 /* MongoLabURLRequest.swift in Sources */,
				8180CA651CEBEEE4008E3011 /* MongoLabClient.swift in Sources */,
				8180CA681CEBEEE4008E3011 /* MongoLabConfiguration.swift in Sources */,
				8180CA711CEBEEE4008E3011 /* MongoLabResponseParser.swift in Sources */,
				8180CA6B1CEBEEE4008E3011 /* MongoLabError.swift in Sources */,
			);
			runOnlyForDeploymentPostprocessing = 0;
		};
		8180CAB61CEBF39F008E3011 /* Sources */ = {
			isa = PBXSourcesBuildPhase;
			buildActionMask = 2147483647;
			files = (
				8180CAC51CEBF3B3008E3011 /* SwiftMongoLabKitTests.swift in Sources */,
			);
			runOnlyForDeploymentPostprocessing = 0;
		};
/* End PBXSourcesBuildPhase section */

/* Begin PBXTargetDependency section */
		8180CAC11CEBF39F008E3011 /* PBXTargetDependency */ = {
			isa = PBXTargetDependency;
			target = 8180CA2A1CEBEB12008E3011 /* SwiftMongoLabKit iOS */;
			targetProxy = 8180CAC01CEBF39F008E3011 /* PBXContainerItemProxy */;
		};
/* End PBXTargetDependency section */

/* Begin XCBuildConfiguration section */
		8180CA241CEBEA71008E3011 /* Debug */ = {
			isa = XCBuildConfiguration;
			buildSettings = {
				IPHONEOS_DEPLOYMENT_TARGET = 9.0;
			};
			name = Debug;
		};
		8180CA251CEBEA71008E3011 /* Release */ = {
			isa = XCBuildConfiguration;
			buildSettings = {
				IPHONEOS_DEPLOYMENT_TARGET = 9.0;
			};
			name = Release;
		};
		8180CA321CEBEB12008E3011 /* Debug */ = {
			isa = XCBuildConfiguration;
			buildSettings = {
				ALWAYS_SEARCH_USER_PATHS = NO;
				APPLICATION_EXTENSION_API_ONLY = YES;
				CLANG_ANALYZER_NONNULL = YES;
				CLANG_CXX_LANGUAGE_STANDARD = "gnu++0x";
				CLANG_CXX_LIBRARY = "libc++";
				CLANG_ENABLE_MODULES = YES;
				CLANG_ENABLE_OBJC_ARC = YES;
				CLANG_WARN_BOOL_CONVERSION = YES;
				CLANG_WARN_CONSTANT_CONVERSION = YES;
				CLANG_WARN_DIRECT_OBJC_ISA_USAGE = YES_ERROR;
				CLANG_WARN_EMPTY_BODY = YES;
				CLANG_WARN_ENUM_CONVERSION = YES;
				CLANG_WARN_INT_CONVERSION = YES;
				CLANG_WARN_OBJC_ROOT_CLASS = YES_ERROR;
				CLANG_WARN_UNREACHABLE_CODE = YES;
				CLANG_WARN__DUPLICATE_METHOD_MATCH = YES;
				"CODE_SIGN_IDENTITY[sdk=iphoneos*]" = "iPhone Developer";
				COPY_PHASE_STRIP = NO;
				CURRENT_PROJECT_VERSION = 1;
				DEBUG_INFORMATION_FORMAT = dwarf;
				DEFINES_MODULE = YES;
				DYLIB_COMPATIBILITY_VERSION = 1;
				DYLIB_CURRENT_VERSION = 1;
				DYLIB_INSTALL_NAME_BASE = "@rpath";
				ENABLE_STRICT_OBJC_MSGSEND = YES;
				ENABLE_TESTABILITY = YES;
				GCC_C_LANGUAGE_STANDARD = gnu99;
				GCC_DYNAMIC_NO_PIC = NO;
				GCC_NO_COMMON_BLOCKS = YES;
				GCC_OPTIMIZATION_LEVEL = 0;
				GCC_PREPROCESSOR_DEFINITIONS = (
					"DEBUG=1",
					"$(inherited)",
				);
				GCC_WARN_64_TO_32_BIT_CONVERSION = YES;
				GCC_WARN_ABOUT_RETURN_TYPE = YES_ERROR;
				GCC_WARN_UNDECLARED_SELECTOR = YES;
				GCC_WARN_UNINITIALIZED_AUTOS = YES_AGGRESSIVE;
				GCC_WARN_UNUSED_FUNCTION = YES;
				GCC_WARN_UNUSED_VARIABLE = YES;
				INFOPLIST_FILE = "Sources/Info-iOS.plist";
				INSTALL_PATH = "$(LOCAL_LIBRARY_DIR)/Frameworks";
				IPHONEOS_DEPLOYMENT_TARGET = 9.0;
				LD_RUNPATH_SEARCH_PATHS = "$(inherited) @executable_path/Frameworks @loader_path/Frameworks";
				MTL_ENABLE_DEBUG_INFO = YES;
				ONLY_ACTIVE_ARCH = YES;
				PRODUCT_BUNDLE_IDENTIFIER = com.ustwo.SwiftMongoLabKit;
				PRODUCT_NAME = SwiftMongoLabKit;
				SDKROOT = iphoneos;
				SKIP_INSTALL = YES;
				SWIFT_OPTIMIZATION_LEVEL = "-Onone";
				TARGETED_DEVICE_FAMILY = "1,2";
				VERSIONING_SYSTEM = "apple-generic";
				VERSION_INFO_PREFIX = "";
			};
			name = Debug;
		};
		8180CA331CEBEB12008E3011 /* Release */ = {
			isa = XCBuildConfiguration;
			buildSettings = {
				ALWAYS_SEARCH_USER_PATHS = NO;
				APPLICATION_EXTENSION_API_ONLY = YES;
				CLANG_ANALYZER_NONNULL = YES;
				CLANG_CXX_LANGUAGE_STANDARD = "gnu++0x";
				CLANG_CXX_LIBRARY = "libc++";
				CLANG_ENABLE_MODULES = YES;
				CLANG_ENABLE_OBJC_ARC = YES;
				CLANG_WARN_BOOL_CONVERSION = YES;
				CLANG_WARN_CONSTANT_CONVERSION = YES;
				CLANG_WARN_DIRECT_OBJC_ISA_USAGE = YES_ERROR;
				CLANG_WARN_EMPTY_BODY = YES;
				CLANG_WARN_ENUM_CONVERSION = YES;
				CLANG_WARN_INT_CONVERSION = YES;
				CLANG_WARN_OBJC_ROOT_CLASS = YES_ERROR;
				CLANG_WARN_UNREACHABLE_CODE = YES;
				CLANG_WARN__DUPLICATE_METHOD_MATCH = YES;
				"CODE_SIGN_IDENTITY[sdk=iphoneos*]" = "iPhone Developer";
				COPY_PHASE_STRIP = NO;
				CURRENT_PROJECT_VERSION = 1;
				DEBUG_INFORMATION_FORMAT = "dwarf-with-dsym";
				DEFINES_MODULE = YES;
				DYLIB_COMPATIBILITY_VERSION = 1;
				DYLIB_CURRENT_VERSION = 1;
				DYLIB_INSTALL_NAME_BASE = "@rpath";
				ENABLE_NS_ASSERTIONS = NO;
				ENABLE_STRICT_OBJC_MSGSEND = YES;
				GCC_C_LANGUAGE_STANDARD = gnu99;
				GCC_NO_COMMON_BLOCKS = YES;
				GCC_WARN_64_TO_32_BIT_CONVERSION = YES;
				GCC_WARN_ABOUT_RETURN_TYPE = YES_ERROR;
				GCC_WARN_UNDECLARED_SELECTOR = YES;
				GCC_WARN_UNINITIALIZED_AUTOS = YES_AGGRESSIVE;
				GCC_WARN_UNUSED_FUNCTION = YES;
				GCC_WARN_UNUSED_VARIABLE = YES;
				INFOPLIST_FILE = "Sources/Info-iOS.plist";
				INSTALL_PATH = "$(LOCAL_LIBRARY_DIR)/Frameworks";
				IPHONEOS_DEPLOYMENT_TARGET = 9.0;
				LD_RUNPATH_SEARCH_PATHS = "$(inherited) @executable_path/Frameworks @loader_path/Frameworks";
				MTL_ENABLE_DEBUG_INFO = NO;
				PRODUCT_BUNDLE_IDENTIFIER = com.ustwo.SwiftMongoLabKit;
				PRODUCT_NAME = SwiftMongoLabKit;
				SDKROOT = iphoneos;
				SKIP_INSTALL = YES;
				TARGETED_DEVICE_FAMILY = "1,2";
				VALIDATE_PRODUCT = YES;
				VERSIONING_SYSTEM = "apple-generic";
				VERSION_INFO_PREFIX = "";
			};
			name = Release;
		};
		8180CA3F1CEBEB39008E3011 /* Debug */ = {
			isa = XCBuildConfiguration;
			buildSettings = {
				ALWAYS_SEARCH_USER_PATHS = NO;
				APPLICATION_EXTENSION_API_ONLY = YES;
				CLANG_ANALYZER_NONNULL = YES;
				CLANG_CXX_LANGUAGE_STANDARD = "gnu++0x";
				CLANG_CXX_LIBRARY = "libc++";
				CLANG_ENABLE_MODULES = YES;
				CLANG_ENABLE_OBJC_ARC = YES;
				CLANG_WARN_BOOL_CONVERSION = YES;
				CLANG_WARN_CONSTANT_CONVERSION = YES;
				CLANG_WARN_DIRECT_OBJC_ISA_USAGE = YES_ERROR;
				CLANG_WARN_EMPTY_BODY = YES;
				CLANG_WARN_ENUM_CONVERSION = YES;
				CLANG_WARN_INT_CONVERSION = YES;
				CLANG_WARN_OBJC_ROOT_CLASS = YES_ERROR;
				CLANG_WARN_UNREACHABLE_CODE = YES;
				CLANG_WARN__DUPLICATE_METHOD_MATCH = YES;
				COPY_PHASE_STRIP = NO;
				CURRENT_PROJECT_VERSION = 1;
				DEBUG_INFORMATION_FORMAT = dwarf;
				DEFINES_MODULE = YES;
				DYLIB_COMPATIBILITY_VERSION = 1;
				DYLIB_CURRENT_VERSION = 1;
				DYLIB_INSTALL_NAME_BASE = "@rpath";
				ENABLE_STRICT_OBJC_MSGSEND = YES;
				ENABLE_TESTABILITY = YES;
				GCC_C_LANGUAGE_STANDARD = gnu99;
				GCC_DYNAMIC_NO_PIC = NO;
				GCC_NO_COMMON_BLOCKS = YES;
				GCC_OPTIMIZATION_LEVEL = 0;
				GCC_PREPROCESSOR_DEFINITIONS = (
					"DEBUG=1",
					"$(inherited)",
				);
				GCC_WARN_64_TO_32_BIT_CONVERSION = YES;
				GCC_WARN_ABOUT_RETURN_TYPE = YES_ERROR;
				GCC_WARN_UNDECLARED_SELECTOR = YES;
				GCC_WARN_UNINITIALIZED_AUTOS = YES_AGGRESSIVE;
				GCC_WARN_UNUSED_FUNCTION = YES;
				GCC_WARN_UNUSED_VARIABLE = YES;
				INFOPLIST_FILE = "Sources/Info-watchOS.plist";
				INSTALL_PATH = "$(LOCAL_LIBRARY_DIR)/Frameworks";
				LD_RUNPATH_SEARCH_PATHS = "$(inherited) @executable_path/Frameworks @loader_path/Frameworks";
				MTL_ENABLE_DEBUG_INFO = YES;
				ONLY_ACTIVE_ARCH = YES;
				PRODUCT_BUNDLE_IDENTIFIER = com.ustwo.SwiftMongoLabKit;
				PRODUCT_NAME = SwiftMongoLabKit;
				SDKROOT = watchos;
				SKIP_INSTALL = YES;
				SWIFT_OPTIMIZATION_LEVEL = "-Onone";
				TARGETED_DEVICE_FAMILY = 4;
				VERSIONING_SYSTEM = "apple-generic";
				VERSION_INFO_PREFIX = "";
				WATCHOS_DEPLOYMENT_TARGET = 2.0;
			};
			name = Debug;
		};
		8180CA401CEBEB39008E3011 /* Release */ = {
			isa = XCBuildConfiguration;
			buildSettings = {
				ALWAYS_SEARCH_USER_PATHS = NO;
				APPLICATION_EXTENSION_API_ONLY = YES;
				CLANG_ANALYZER_NONNULL = YES;
				CLANG_CXX_LANGUAGE_STANDARD = "gnu++0x";
				CLANG_CXX_LIBRARY = "libc++";
				CLANG_ENABLE_MODULES = YES;
				CLANG_ENABLE_OBJC_ARC = YES;
				CLANG_WARN_BOOL_CONVERSION = YES;
				CLANG_WARN_CONSTANT_CONVERSION = YES;
				CLANG_WARN_DIRECT_OBJC_ISA_USAGE = YES_ERROR;
				CLANG_WARN_EMPTY_BODY = YES;
				CLANG_WARN_ENUM_CONVERSION = YES;
				CLANG_WARN_INT_CONVERSION = YES;
				CLANG_WARN_OBJC_ROOT_CLASS = YES_ERROR;
				CLANG_WARN_UNREACHABLE_CODE = YES;
				CLANG_WARN__DUPLICATE_METHOD_MATCH = YES;
				COPY_PHASE_STRIP = NO;
				CURRENT_PROJECT_VERSION = 1;
				DEBUG_INFORMATION_FORMAT = "dwarf-with-dsym";
				DEFINES_MODULE = YES;
				DYLIB_COMPATIBILITY_VERSION = 1;
				DYLIB_CURRENT_VERSION = 1;
				DYLIB_INSTALL_NAME_BASE = "@rpath";
				ENABLE_NS_ASSERTIONS = NO;
				ENABLE_STRICT_OBJC_MSGSEND = YES;
				GCC_C_LANGUAGE_STANDARD = gnu99;
				GCC_NO_COMMON_BLOCKS = YES;
				GCC_WARN_64_TO_32_BIT_CONVERSION = YES;
				GCC_WARN_ABOUT_RETURN_TYPE = YES_ERROR;
				GCC_WARN_UNDECLARED_SELECTOR = YES;
				GCC_WARN_UNINITIALIZED_AUTOS = YES_AGGRESSIVE;
				GCC_WARN_UNUSED_FUNCTION = YES;
				GCC_WARN_UNUSED_VARIABLE = YES;
				INFOPLIST_FILE = "Sources/Info-watchOS.plist";
				INSTALL_PATH = "$(LOCAL_LIBRARY_DIR)/Frameworks";
				LD_RUNPATH_SEARCH_PATHS = "$(inherited) @executable_path/Frameworks @loader_path/Frameworks";
				MTL_ENABLE_DEBUG_INFO = NO;
				PRODUCT_BUNDLE_IDENTIFIER = com.ustwo.SwiftMongoLabKit;
				PRODUCT_NAME = SwiftMongoLabKit;
				SDKROOT = watchos;
				SKIP_INSTALL = YES;
				TARGETED_DEVICE_FAMILY = 4;
				VALIDATE_PRODUCT = YES;
				VERSIONING_SYSTEM = "apple-generic";
				VERSION_INFO_PREFIX = "";
				WATCHOS_DEPLOYMENT_TARGET = 2.0;
			};
			name = Release;
		};
		8180CA4C1CEBEB44008E3011 /* Debug */ = {
			isa = XCBuildConfiguration;
			buildSettings = {
				ALWAYS_SEARCH_USER_PATHS = NO;
				APPLICATION_EXTENSION_API_ONLY = YES;
				CLANG_ANALYZER_NONNULL = YES;
				CLANG_CXX_LANGUAGE_STANDARD = "gnu++0x";
				CLANG_CXX_LIBRARY = "libc++";
				CLANG_ENABLE_MODULES = YES;
				CLANG_ENABLE_OBJC_ARC = YES;
				CLANG_WARN_BOOL_CONVERSION = YES;
				CLANG_WARN_CONSTANT_CONVERSION = YES;
				CLANG_WARN_DIRECT_OBJC_ISA_USAGE = YES_ERROR;
				CLANG_WARN_EMPTY_BODY = YES;
				CLANG_WARN_ENUM_CONVERSION = YES;
				CLANG_WARN_INT_CONVERSION = YES;
				CLANG_WARN_OBJC_ROOT_CLASS = YES_ERROR;
				CLANG_WARN_UNREACHABLE_CODE = YES;
				CLANG_WARN__DUPLICATE_METHOD_MATCH = YES;
				COPY_PHASE_STRIP = NO;
				CURRENT_PROJECT_VERSION = 1;
				DEBUG_INFORMATION_FORMAT = dwarf;
				DEFINES_MODULE = YES;
				DYLIB_COMPATIBILITY_VERSION = 1;
				DYLIB_CURRENT_VERSION = 1;
				DYLIB_INSTALL_NAME_BASE = "@rpath";
				ENABLE_STRICT_OBJC_MSGSEND = YES;
				ENABLE_TESTABILITY = YES;
				GCC_C_LANGUAGE_STANDARD = gnu99;
				GCC_DYNAMIC_NO_PIC = NO;
				GCC_NO_COMMON_BLOCKS = YES;
				GCC_OPTIMIZATION_LEVEL = 0;
				GCC_PREPROCESSOR_DEFINITIONS = (
					"DEBUG=1",
					"$(inherited)",
				);
				GCC_WARN_64_TO_32_BIT_CONVERSION = YES;
				GCC_WARN_ABOUT_RETURN_TYPE = YES_ERROR;
				GCC_WARN_UNDECLARED_SELECTOR = YES;
				GCC_WARN_UNINITIALIZED_AUTOS = YES_AGGRESSIVE;
				GCC_WARN_UNUSED_FUNCTION = YES;
				GCC_WARN_UNUSED_VARIABLE = YES;
				INFOPLIST_FILE = "Sources/Info-tvOS.plist";
				INSTALL_PATH = "$(LOCAL_LIBRARY_DIR)/Frameworks";
				LD_RUNPATH_SEARCH_PATHS = "$(inherited) @executable_path/Frameworks @loader_path/Frameworks";
				MTL_ENABLE_DEBUG_INFO = YES;
				ONLY_ACTIVE_ARCH = YES;
				PRODUCT_BUNDLE_IDENTIFIER = com.ustwo.SwiftMongoLabKit;
				PRODUCT_NAME = SwiftMongoLabKit;
				SDKROOT = appletvos;
				SKIP_INSTALL = YES;
				SWIFT_OPTIMIZATION_LEVEL = "-Onone";
				TARGETED_DEVICE_FAMILY = 3;
				TVOS_DEPLOYMENT_TARGET = 9.0;
				VERSIONING_SYSTEM = "apple-generic";
				VERSION_INFO_PREFIX = "";
			};
			name = Debug;
		};
		8180CA4D1CEBEB44008E3011 /* Release */ = {
			isa = XCBuildConfiguration;
			buildSettings = {
				ALWAYS_SEARCH_USER_PATHS = NO;
				APPLICATION_EXTENSION_API_ONLY = YES;
				CLANG_ANALYZER_NONNULL = YES;
				CLANG_CXX_LANGUAGE_STANDARD = "gnu++0x";
				CLANG_CXX_LIBRARY = "libc++";
				CLANG_ENABLE_MODULES = YES;
				CLANG_ENABLE_OBJC_ARC = YES;
				CLANG_WARN_BOOL_CONVERSION = YES;
				CLANG_WARN_CONSTANT_CONVERSION = YES;
				CLANG_WARN_DIRECT_OBJC_ISA_USAGE = YES_ERROR;
				CLANG_WARN_EMPTY_BODY = YES;
				CLANG_WARN_ENUM_CONVERSION = YES;
				CLANG_WARN_INT_CONVERSION = YES;
				CLANG_WARN_OBJC_ROOT_CLASS = YES_ERROR;
				CLANG_WARN_UNREACHABLE_CODE = YES;
				CLANG_WARN__DUPLICATE_METHOD_MATCH = YES;
				COPY_PHASE_STRIP = NO;
				CURRENT_PROJECT_VERSION = 1;
				DEBUG_INFORMATION_FORMAT = "dwarf-with-dsym";
				DEFINES_MODULE = YES;
				DYLIB_COMPATIBILITY_VERSION = 1;
				DYLIB_CURRENT_VERSION = 1;
				DYLIB_INSTALL_NAME_BASE = "@rpath";
				ENABLE_NS_ASSERTIONS = NO;
				ENABLE_STRICT_OBJC_MSGSEND = YES;
				GCC_C_LANGUAGE_STANDARD = gnu99;
				GCC_NO_COMMON_BLOCKS = YES;
				GCC_WARN_64_TO_32_BIT_CONVERSION = YES;
				GCC_WARN_ABOUT_RETURN_TYPE = YES_ERROR;
				GCC_WARN_UNDECLARED_SELECTOR = YES;
				GCC_WARN_UNINITIALIZED_AUTOS = YES_AGGRESSIVE;
				GCC_WARN_UNUSED_FUNCTION = YES;
				GCC_WARN_UNUSED_VARIABLE = YES;
				INFOPLIST_FILE = "Sources/Info-tvOS.plist";
				INSTALL_PATH = "$(LOCAL_LIBRARY_DIR)/Frameworks";
				LD_RUNPATH_SEARCH_PATHS = "$(inherited) @executable_path/Frameworks @loader_path/Frameworks";
				MTL_ENABLE_DEBUG_INFO = NO;
				PRODUCT_BUNDLE_IDENTIFIER = com.ustwo.SwiftMongoLabKit;
				PRODUCT_NAME = SwiftMongoLabKit;
				SDKROOT = appletvos;
				SKIP_INSTALL = YES;
				TARGETED_DEVICE_FAMILY = 3;
				TVOS_DEPLOYMENT_TARGET = 9.0;
				VALIDATE_PRODUCT = YES;
				VERSIONING_SYSTEM = "apple-generic";
				VERSION_INFO_PREFIX = "";
			};
			name = Release;
		};
		8180CAC31CEBF39F008E3011 /* Debug */ = {
			isa = XCBuildConfiguration;
			buildSettings = {
				ALWAYS_SEARCH_USER_PATHS = NO;
				CLANG_ANALYZER_NONNULL = YES;
				CLANG_CXX_LANGUAGE_STANDARD = "gnu++0x";
				CLANG_CXX_LIBRARY = "libc++";
				CLANG_ENABLE_MODULES = YES;
				CLANG_ENABLE_OBJC_ARC = YES;
				CLANG_WARN_BOOL_CONVERSION = YES;
				CLANG_WARN_CONSTANT_CONVERSION = YES;
				CLANG_WARN_DIRECT_OBJC_ISA_USAGE = YES_ERROR;
				CLANG_WARN_EMPTY_BODY = YES;
				CLANG_WARN_ENUM_CONVERSION = YES;
				CLANG_WARN_INT_CONVERSION = YES;
				CLANG_WARN_OBJC_ROOT_CLASS = YES_ERROR;
				CLANG_WARN_UNREACHABLE_CODE = YES;
				CLANG_WARN__DUPLICATE_METHOD_MATCH = YES;
				"CODE_SIGN_IDENTITY[sdk=iphoneos*]" = "iPhone Developer";
				COPY_PHASE_STRIP = NO;
				DEBUG_INFORMATION_FORMAT = dwarf;
				ENABLE_STRICT_OBJC_MSGSEND = YES;
				ENABLE_TESTABILITY = YES;
				GCC_C_LANGUAGE_STANDARD = gnu99;
				GCC_DYNAMIC_NO_PIC = NO;
				GCC_NO_COMMON_BLOCKS = YES;
				GCC_OPTIMIZATION_LEVEL = 0;
				GCC_PREPROCESSOR_DEFINITIONS = (
					"DEBUG=1",
					"$(inherited)",
				);
				GCC_WARN_64_TO_32_BIT_CONVERSION = YES;
				GCC_WARN_ABOUT_RETURN_TYPE = YES_ERROR;
				GCC_WARN_UNDECLARED_SELECTOR = YES;
				GCC_WARN_UNINITIALIZED_AUTOS = YES_AGGRESSIVE;
				GCC_WARN_UNUSED_FUNCTION = YES;
				GCC_WARN_UNUSED_VARIABLE = YES;
				INFOPLIST_FILE = SwiftMongoLabKitTests/Info.plist;
				IPHONEOS_DEPLOYMENT_TARGET = 9.3;
				LD_RUNPATH_SEARCH_PATHS = "$(inherited) @executable_path/Frameworks @loader_path/Frameworks";
				MTL_ENABLE_DEBUG_INFO = YES;
				ONLY_ACTIVE_ARCH = YES;
				PRODUCT_BUNDLE_IDENTIFIER = com.ustwo.SwiftMongoLabKitTests;
				PRODUCT_NAME = "$(TARGET_NAME)";
				SDKROOT = iphoneos;
				SWIFT_OPTIMIZATION_LEVEL = "-Onone";
			};
			name = Debug;
		};
		8180CAC41CEBF39F008E3011 /* Release */ = {
			isa = XCBuildConfiguration;
			buildSettings = {
				ALWAYS_SEARCH_USER_PATHS = NO;
				CLANG_ANALYZER_NONNULL = YES;
				CLANG_CXX_LANGUAGE_STANDARD = "gnu++0x";
				CLANG_CXX_LIBRARY = "libc++";
				CLANG_ENABLE_MODULES = YES;
				CLANG_ENABLE_OBJC_ARC = YES;
				CLANG_WARN_BOOL_CONVERSION = YES;
				CLANG_WARN_CONSTANT_CONVERSION = YES;
				CLANG_WARN_DIRECT_OBJC_ISA_USAGE = YES_ERROR;
				CLANG_WARN_EMPTY_BODY = YES;
				CLANG_WARN_ENUM_CONVERSION = YES;
				CLANG_WARN_INT_CONVERSION = YES;
				CLANG_WARN_OBJC_ROOT_CLASS = YES_ERROR;
				CLANG_WARN_UNREACHABLE_CODE = YES;
				CLANG_WARN__DUPLICATE_METHOD_MATCH = YES;
				"CODE_SIGN_IDENTITY[sdk=iphoneos*]" = "iPhone Developer";
				COPY_PHASE_STRIP = NO;
				DEBUG_INFORMATION_FORMAT = "dwarf-with-dsym";
				ENABLE_NS_ASSERTIONS = NO;
				ENABLE_STRICT_OBJC_MSGSEND = YES;
				GCC_C_LANGUAGE_STANDARD = gnu99;
				GCC_NO_COMMON_BLOCKS = YES;
				GCC_WARN_64_TO_32_BIT_CONVERSION = YES;
				GCC_WARN_ABOUT_RETURN_TYPE = YES_ERROR;
				GCC_WARN_UNDECLARED_SELECTOR = YES;
				GCC_WARN_UNINITIALIZED_AUTOS = YES_AGGRESSIVE;
				GCC_WARN_UNUSED_FUNCTION = YES;
				GCC_WARN_UNUSED_VARIABLE = YES;
				INFOPLIST_FILE = SwiftMongoLabKitTests/Info.plist;
				IPHONEOS_DEPLOYMENT_TARGET = 9.3;
				LD_RUNPATH_SEARCH_PATHS = "$(inherited) @executable_path/Frameworks @loader_path/Frameworks";
				MTL_ENABLE_DEBUG_INFO = NO;
				PRODUCT_BUNDLE_IDENTIFIER = com.ustwo.SwiftMongoLabKitTests;
				PRODUCT_NAME = "$(TARGET_NAME)";
				SDKROOT = iphoneos;
				VALIDATE_PRODUCT = YES;
			};
			name = Release;
		};
/* End XCBuildConfiguration section */

/* Begin XCConfigurationList section */
		8180CA231CEBEA71008E3011 /* Build configuration list for PBXProject "SwiftMongoLabKit" */ = {
			isa = XCConfigurationList;
			buildConfigurations = (
				8180CA241CEBEA71008E3011 /* Debug */,
				8180CA251CEBEA71008E3011 /* Release */,
			);
			defaultConfigurationIsVisible = 0;
			defaultConfigurationName = Release;
		};
		8180CA311CEBEB12008E3011 /* Build configuration list for PBXNativeTarget "SwiftMongoLabKit iOS" */ = {
			isa = XCConfigurationList;
			buildConfigurations = (
				8180CA321CEBEB12008E3011 /* Debug */,
				8180CA331CEBEB12008E3011 /* Release */,
			);
			defaultConfigurationIsVisible = 0;
			defaultConfigurationName = Release;
		};
		8180CA3E1CEBEB39008E3011 /* Build configuration list for PBXNativeTarget "SwiftMongoLabKit watchOS" */ = {
			isa = XCConfigurationList;
			buildConfigurations = (
				8180CA3F1CEBEB39008E3011 /* Debug */,
				8180CA401CEBEB39008E3011 /* Release */,
			);
			defaultConfigurationIsVisible = 0;
			defaultConfigurationName = Release;
		};
		8180CA4B1CEBEB44008E3011 /* Build configuration list for PBXNativeTarget "SwiftMongoLabKit tvOS" */ = {
			isa = XCConfigurationList;
			buildConfigurations = (
				8180CA4C1CEBEB44008E3011 /* Debug */,
				8180CA4D1CEBEB44008E3011 /* Release */,
			);
			defaultConfigurationIsVisible = 0;
			defaultConfigurationName = Release;
		};
		8180CAC21CEBF39F008E3011 /* Build configuration list for PBXNativeTarget "SwiftMongoLabKitTests" */ = {
			isa = XCConfigurationList;
			buildConfigurations = (
				8180CAC31CEBF39F008E3011 /* Debug */,
				8180CAC41CEBF39F008E3011 /* Release */,
			);
			defaultConfigurationIsVisible = 0;
			defaultConfigurationName = Release;
		};
/* End XCConfigurationList section */
	};
	rootObject = 8180CA201CEBEA71008E3011 /* Project object */;
}
